// !$*UTF8*$!
{
	archiveVersion = 1;
	classes = {
	};
	objectVersion = 46;
	objects = {

/* Begin PBXBuildFile section */
		4A2A2D041F65672B00F42123 /* JobTag.swift in Sources */ = {isa = PBXBuildFile; fileRef = 4A2A2D031F65672B00F42123 /* JobTag.swift */; };
		4A2A2D071F6578D800F42123 /* joblist.swift in Sources */ = {isa = PBXBuildFile; fileRef = 4A2A2D051F6578D800F42123 /* joblist.swift */; };
		4A2A2D081F6578D800F42123 /* joblist.xib in Resources */ = {isa = PBXBuildFile; fileRef = 4A2A2D061F6578D800F42123 /* joblist.xib */; };
		4A3224031F5160E50065A33F /* Alamofire.framework in Frameworks */ = {isa = PBXBuildFile; fileRef = 4A3224021F5160E50065A33F /* Alamofire.framework */; settings = {ATTRIBUTES = (Required, ); }; };
		4A3224051F5160EA0065A33F /* SDAutoLayout.framework in Frameworks */ = {isa = PBXBuildFile; fileRef = 4A3224041F5160EA0065A33F /* SDAutoLayout.framework */; settings = {ATTRIBUTES = (Required, ); }; };
		4A3224071F5160ED0065A33F /* SwiftyJSON.framework in Frameworks */ = {isa = PBXBuildFile; fileRef = 4A3224061F5160ED0065A33F /* SwiftyJSON.framework */; settings = {ATTRIBUTES = (Required, ); }; };
		4A4523F21F5BABE1009D6B62 /* jobdetailCell.swift in Sources */ = {isa = PBXBuildFile; fileRef = 4A4523F11F5BABE1009D6B62 /* jobdetailCell.swift */; };
		4A5304DB1F527D090000F1E9 /* utils.swift in Sources */ = {isa = PBXBuildFile; fileRef = 4A5304DA1F527D090000F1E9 /* utils.swift */; };
		4A5304E41F52A6ED0000F1E9 /* MainTabBarViewController.swift in Sources */ = {isa = PBXBuildFile; fileRef = 4A5304E31F52A6ED0000F1E9 /* MainTabBarViewController.swift */; };
		4A5304E81F52A7720000F1E9 /* DashboardViewController.swift in Sources */ = {isa = PBXBuildFile; fileRef = 4A5304E71F52A7720000F1E9 /* DashboardViewController.swift */; };
		4A5304EA1F52FAD20000F1E9 /* demo.swift in Sources */ = {isa = PBXBuildFile; fileRef = 4A5304E91F52FAD20000F1E9 /* demo.swift */; };
		4ADCC7501F511DD3001A4E9F /* AppDelegate.swift in Sources */ = {isa = PBXBuildFile; fileRef = 4ADCC74F1F511DD3001A4E9F /* AppDelegate.swift */; };
		4ADCC7521F511DD3001A4E9F /* ViewController.swift in Sources */ = {isa = PBXBuildFile; fileRef = 4ADCC7511F511DD3001A4E9F /* ViewController.swift */; };
		4ADCC7551F511DD3001A4E9F /* Main.storyboard in Resources */ = {isa = PBXBuildFile; fileRef = 4ADCC7531F511DD3001A4E9F /* Main.storyboard */; };
		4ADCC7571F511DD3001A4E9F /* Assets.xcassets in Resources */ = {isa = PBXBuildFile; fileRef = 4ADCC7561F511DD3001A4E9F /* Assets.xcassets */; };
		4ADCC75A1F511DD3001A4E9F /* LaunchScreen.storyboard in Resources */ = {isa = PBXBuildFile; fileRef = 4ADCC7581F511DD3001A4E9F /* LaunchScreen.storyboard */; };
		4ADCC7651F511DD3001A4E9F /* internalsTests.swift in Sources */ = {isa = PBXBuildFile; fileRef = 4ADCC7641F511DD3001A4E9F /* internalsTests.swift */; };
		4ADCC7701F511DD3001A4E9F /* internalsUITests.swift in Sources */ = {isa = PBXBuildFile; fileRef = 4ADCC76F1F511DD3001A4E9F /* internalsUITests.swift */; };
		4ADCC77E1F51251D001A4E9F /* LoginNavigationController.swift in Sources */ = {isa = PBXBuildFile; fileRef = 4ADCC77D1F51251D001A4E9F /* LoginNavigationController.swift */; };
		4ADCC7811F512880001A4E9F /* RegisterViewController.swift in Sources */ = {isa = PBXBuildFile; fileRef = 4ADCC7801F512880001A4E9F /* RegisterViewController.swift */; };
		4AE4AFC11F5131AE00B5F509 /* ForgetPasswordController.swift in Sources */ = {isa = PBXBuildFile; fileRef = 4AE4AFC01F5131AE00B5F509 /* ForgetPasswordController.swift */; };
		4AE84EA41F5C108600649404 /* imageScroll.swift in Sources */ = {isa = PBXBuildFile; fileRef = 4AE84EA31F5C108600649404 /* imageScroll.swift */; };
		4AF6C8031F571D1F0059496B /* CitysView.swift in Sources */ = {isa = PBXBuildFile; fileRef = 4AF6C8021F571D1F0059496B /* CitysView.swift */; };
		4AF6C8051F5A98940059496B /* ScrollerCell.swift in Sources */ = {isa = PBXBuildFile; fileRef = 4AF6C8041F5A98940059496B /* ScrollerCell.swift */; };
		4AF6C80B1F5AEB880059496B /* ScrollerCell2.swift in Sources */ = {isa = PBXBuildFile; fileRef = 4AF6C80A1F5AEB880059496B /* ScrollerCell2.swift */; };
		4AFF91A71F5C238400FE189F /* HeaderFoot.swift in Sources */ = {isa = PBXBuildFile; fileRef = 4AFF91A61F5C238400FE189F /* HeaderFoot.swift */; };
		4AFF91A91F5C338800FE189F /* JobDetailViewController.swift in Sources */ = {isa = PBXBuildFile; fileRef = 4AFF91A81F5C338800FE189F /* JobDetailViewController.swift */; };
		4AFF91B91F5DB8A900FE189F /* company.swift in Sources */ = {isa = PBXBuildFile; fileRef = 4AFF91B71F5DB8A900FE189F /* company.swift */; };
		4AFF91BA1F5DB8A900FE189F /* company.xib in Resources */ = {isa = PBXBuildFile; fileRef = 4AFF91B81F5DB8A900FE189F /* company.xib */; };
		4AFF91BD1F5DBD8D00FE189F /* JobDescription.swift in Sources */ = {isa = PBXBuildFile; fileRef = 4AFF91BB1F5DBD8D00FE189F /* JobDescription.swift */; };
		4AFF91BE1F5DBD8D00FE189F /* JobDescription.xib in Resources */ = {isa = PBXBuildFile; fileRef = 4AFF91BC1F5DBD8D00FE189F /* JobDescription.xib */; };
		4AFF91C11F5DC18000FE189F /* worklocate.swift in Sources */ = {isa = PBXBuildFile; fileRef = 4AFF91BF1F5DC18000FE189F /* worklocate.swift */; };
		4AFF91C21F5DC18000FE189F /* worklocate.xib in Resources */ = {isa = PBXBuildFile; fileRef = 4AFF91C01F5DC18000FE189F /* worklocate.xib */; };
		4AFF91C41F5EF40000FE189F /* mapApp.swift in Sources */ = {isa = PBXBuildFile; fileRef = 4AFF91C31F5EF40000FE189F /* mapApp.swift */; };
		4AFF91D51F60586600FE189F /* cdetails.swift in Sources */ = {isa = PBXBuildFile; fileRef = 4AFF91D41F60586600FE189F /* cdetails.swift */; };
		4AFF91D91F641A6200FE189F /* tagsTableViewCell.swift in Sources */ = {isa = PBXBuildFile; fileRef = 4AFF91D71F641A6200FE189F /* tagsTableViewCell.swift */; };
		4AFF91DA1F641A6200FE189F /* tagsTableViewCell.xib in Resources */ = {isa = PBXBuildFile; fileRef = 4AFF91D81F641A6200FE189F /* tagsTableViewCell.xib */; };
		4AFF91DD1F641A8000FE189F /* introduction.swift in Sources */ = {isa = PBXBuildFile; fileRef = 4AFF91DB1F641A8000FE189F /* introduction.swift */; };
		4AFF91DE1F641A8000FE189F /* introduction.xib in Resources */ = {isa = PBXBuildFile; fileRef = 4AFF91DC1F641A8000FE189F /* introduction.xib */; };
		4AFF91E11F641AA900FE189F /* others.swift in Sources */ = {isa = PBXBuildFile; fileRef = 4AFF91DF1F641AA900FE189F /* others.swift */; };
		4AFF91E21F641AA900FE189F /* others.xib in Resources */ = {isa = PBXBuildFile; fileRef = 4AFF91E01F641AA900FE189F /* others.xib */; };
		D1EC4964AE33F5F8C9864AAB /* Pods_internals.framework in Frameworks */ = {isa = PBXBuildFile; fileRef = 6E63353C953561B2E076FD4C /* Pods_internals.framework */; };
/* End PBXBuildFile section */

/* Begin PBXContainerItemProxy section */
		4ADCC7611F511DD3001A4E9F /* PBXContainerItemProxy */ = {
			isa = PBXContainerItemProxy;
			containerPortal = 4ADCC7441F511DD3001A4E9F /* Project object */;
			proxyType = 1;
			remoteGlobalIDString = 4ADCC74B1F511DD3001A4E9F;
			remoteInfo = internals;
		};
		4ADCC76C1F511DD3001A4E9F /* PBXContainerItemProxy */ = {
			isa = PBXContainerItemProxy;
			containerPortal = 4ADCC7441F511DD3001A4E9F /* Project object */;
			proxyType = 1;
			remoteGlobalIDString = 4ADCC74B1F511DD3001A4E9F;
			remoteInfo = internals;
		};
/* End PBXContainerItemProxy section */

/* Begin PBXFileReference section */
		4A2A2D031F65672B00F42123 /* JobTag.swift */ = {isa = PBXFileReference; fileEncoding = 4; lastKnownFileType = sourcecode.swift; path = JobTag.swift; sourceTree = "<group>"; };
		4A2A2D051F6578D800F42123 /* joblist.swift */ = {isa = PBXFileReference; fileEncoding = 4; lastKnownFileType = sourcecode.swift; path = joblist.swift; sourceTree = "<group>"; };
		4A2A2D061F6578D800F42123 /* joblist.xib */ = {isa = PBXFileReference; fileEncoding = 4; lastKnownFileType = file.xib; path = joblist.xib; sourceTree = "<group>"; };
		4A3224021F5160E50065A33F /* Alamofire.framework */ = {isa = PBXFileReference; lastKnownFileType = wrapper.framework; name = Alamofire.framework; path = "../../../../Library/Developer/Xcode/DerivedData/internals-fvfjoslaltdhlmclwrenlrxzczpm/Build/Products/Debug-iphonesimulator/Alamofire/Alamofire.framework"; sourceTree = "<group>"; };
		4A3224041F5160EA0065A33F /* SDAutoLayout.framework */ = {isa = PBXFileReference; lastKnownFileType = wrapper.framework; name = SDAutoLayout.framework; path = "Pods/../build/Debug-iphoneos/SDAutoLayout/SDAutoLayout.framework"; sourceTree = "<group>"; };
		4A3224061F5160ED0065A33F /* SwiftyJSON.framework */ = {isa = PBXFileReference; lastKnownFileType = wrapper.framework; name = SwiftyJSON.framework; path = "../../../../Library/Developer/Xcode/DerivedData/internals-fvfjoslaltdhlmclwrenlrxzczpm/Build/Products/Debug-iphonesimulator/SwiftyJSON/SwiftyJSON.framework"; sourceTree = "<group>"; };
		4A4523F11F5BABE1009D6B62 /* jobdetailCell.swift */ = {isa = PBXFileReference; fileEncoding = 4; lastKnownFileType = sourcecode.swift; path = jobdetailCell.swift; sourceTree = "<group>"; };
		4A5304DA1F527D090000F1E9 /* utils.swift */ = {isa = PBXFileReference; fileEncoding = 4; lastKnownFileType = sourcecode.swift; path = utils.swift; sourceTree = "<group>"; };
		4A5304E31F52A6ED0000F1E9 /* MainTabBarViewController.swift */ = {isa = PBXFileReference; fileEncoding = 4; lastKnownFileType = sourcecode.swift; path = MainTabBarViewController.swift; sourceTree = "<group>"; };
		4A5304E71F52A7720000F1E9 /* DashboardViewController.swift */ = {isa = PBXFileReference; fileEncoding = 4; lastKnownFileType = sourcecode.swift; path = DashboardViewController.swift; sourceTree = "<group>"; };
		4A5304E91F52FAD20000F1E9 /* demo.swift */ = {isa = PBXFileReference; fileEncoding = 4; lastKnownFileType = sourcecode.swift; path = demo.swift; sourceTree = "<group>"; };
		4ADCC74C1F511DD3001A4E9F /* internals.app */ = {isa = PBXFileReference; explicitFileType = wrapper.application; includeInIndex = 0; path = internals.app; sourceTree = BUILT_PRODUCTS_DIR; };
		4ADCC74F1F511DD3001A4E9F /* AppDelegate.swift */ = {isa = PBXFileReference; lastKnownFileType = sourcecode.swift; path = AppDelegate.swift; sourceTree = "<group>"; };
		4ADCC7511F511DD3001A4E9F /* ViewController.swift */ = {isa = PBXFileReference; lastKnownFileType = sourcecode.swift; path = ViewController.swift; sourceTree = "<group>"; };
		4ADCC7541F511DD3001A4E9F /* Base */ = {isa = PBXFileReference; lastKnownFileType = file.storyboard; name = Base; path = Base.lproj/Main.storyboard; sourceTree = "<group>"; };
		4ADCC7561F511DD3001A4E9F /* Assets.xcassets */ = {isa = PBXFileReference; lastKnownFileType = folder.assetcatalog; path = Assets.xcassets; sourceTree = "<group>"; };
		4ADCC7591F511DD3001A4E9F /* Base */ = {isa = PBXFileReference; lastKnownFileType = file.storyboard; name = Base; path = Base.lproj/LaunchScreen.storyboard; sourceTree = "<group>"; };
		4ADCC75B1F511DD3001A4E9F /* Info.plist */ = {isa = PBXFileReference; lastKnownFileType = text.plist.xml; path = Info.plist; sourceTree = "<group>"; };
		4ADCC7601F511DD3001A4E9F /* internalsTests.xctest */ = {isa = PBXFileReference; explicitFileType = wrapper.cfbundle; includeInIndex = 0; path = internalsTests.xctest; sourceTree = BUILT_PRODUCTS_DIR; };
		4ADCC7641F511DD3001A4E9F /* internalsTests.swift */ = {isa = PBXFileReference; lastKnownFileType = sourcecode.swift; path = internalsTests.swift; sourceTree = "<group>"; };
		4ADCC7661F511DD3001A4E9F /* Info.plist */ = {isa = PBXFileReference; lastKnownFileType = text.plist.xml; path = Info.plist; sourceTree = "<group>"; };
		4ADCC76B1F511DD3001A4E9F /* internalsUITests.xctest */ = {isa = PBXFileReference; explicitFileType = wrapper.cfbundle; includeInIndex = 0; path = internalsUITests.xctest; sourceTree = BUILT_PRODUCTS_DIR; };
		4ADCC76F1F511DD3001A4E9F /* internalsUITests.swift */ = {isa = PBXFileReference; lastKnownFileType = sourcecode.swift; path = internalsUITests.swift; sourceTree = "<group>"; };
		4ADCC7711F511DD3001A4E9F /* Info.plist */ = {isa = PBXFileReference; lastKnownFileType = text.plist.xml; path = Info.plist; sourceTree = "<group>"; };
		4ADCC77D1F51251D001A4E9F /* LoginNavigationController.swift */ = {isa = PBXFileReference; fileEncoding = 4; lastKnownFileType = sourcecode.swift; path = LoginNavigationController.swift; sourceTree = "<group>"; };
		4ADCC7801F512880001A4E9F /* RegisterViewController.swift */ = {isa = PBXFileReference; fileEncoding = 4; lastKnownFileType = sourcecode.swift; path = RegisterViewController.swift; sourceTree = "<group>"; };
		4AE4AFC01F5131AE00B5F509 /* ForgetPasswordController.swift */ = {isa = PBXFileReference; fileEncoding = 4; lastKnownFileType = sourcecode.swift; path = ForgetPasswordController.swift; sourceTree = "<group>"; };
		4AE4AFC21F515E7500B5F509 /* bridge.h */ = {isa = PBXFileReference; lastKnownFileType = sourcecode.c.h; path = bridge.h; sourceTree = "<group>"; };
		4AE84EA31F5C108600649404 /* imageScroll.swift */ = {isa = PBXFileReference; fileEncoding = 4; lastKnownFileType = sourcecode.swift; path = imageScroll.swift; sourceTree = "<group>"; };
		4AF6C8021F571D1F0059496B /* CitysView.swift */ = {isa = PBXFileReference; fileEncoding = 4; lastKnownFileType = sourcecode.swift; path = CitysView.swift; sourceTree = "<group>"; };
		4AF6C8041F5A98940059496B /* ScrollerCell.swift */ = {isa = PBXFileReference; fileEncoding = 4; lastKnownFileType = sourcecode.swift; path = ScrollerCell.swift; sourceTree = "<group>"; };
		4AF6C80A1F5AEB880059496B /* ScrollerCell2.swift */ = {isa = PBXFileReference; fileEncoding = 4; lastKnownFileType = sourcecode.swift; path = ScrollerCell2.swift; sourceTree = "<group>"; };
		4AFF91A61F5C238400FE189F /* HeaderFoot.swift */ = {isa = PBXFileReference; fileEncoding = 4; lastKnownFileType = sourcecode.swift; path = HeaderFoot.swift; sourceTree = "<group>"; };
		4AFF91A81F5C338800FE189F /* JobDetailViewController.swift */ = {isa = PBXFileReference; fileEncoding = 4; lastKnownFileType = sourcecode.swift; path = JobDetailViewController.swift; sourceTree = "<group>"; };
		4AFF91B71F5DB8A900FE189F /* company.swift */ = {isa = PBXFileReference; fileEncoding = 4; lastKnownFileType = sourcecode.swift; path = company.swift; sourceTree = "<group>"; };
		4AFF91B81F5DB8A900FE189F /* company.xib */ = {isa = PBXFileReference; fileEncoding = 4; lastKnownFileType = file.xib; path = company.xib; sourceTree = "<group>"; };
		4AFF91BB1F5DBD8D00FE189F /* JobDescription.swift */ = {isa = PBXFileReference; fileEncoding = 4; lastKnownFileType = sourcecode.swift; path = JobDescription.swift; sourceTree = "<group>"; };
		4AFF91BC1F5DBD8D00FE189F /* JobDescription.xib */ = {isa = PBXFileReference; fileEncoding = 4; lastKnownFileType = file.xib; path = JobDescription.xib; sourceTree = "<group>"; };
		4AFF91BF1F5DC18000FE189F /* worklocate.swift */ = {isa = PBXFileReference; fileEncoding = 4; lastKnownFileType = sourcecode.swift; path = worklocate.swift; sourceTree = "<group>"; };
		4AFF91C01F5DC18000FE189F /* worklocate.xib */ = {isa = PBXFileReference; fileEncoding = 4; lastKnownFileType = file.xib; path = worklocate.xib; sourceTree = "<group>"; };
		4AFF91C31F5EF40000FE189F /* mapApp.swift */ = {isa = PBXFileReference; fileEncoding = 4; lastKnownFileType = sourcecode.swift; path = mapApp.swift; sourceTree = "<group>"; };
		4AFF91C51F5F0E9300FE189F /* internals.entitlements */ = {isa = PBXFileReference; lastKnownFileType = text.plist.entitlements; path = internals.entitlements; sourceTree = "<group>"; };
		4AFF91D41F60586600FE189F /* cdetails.swift */ = {isa = PBXFileReference; fileEncoding = 4; lastKnownFileType = sourcecode.swift; path = cdetails.swift; sourceTree = "<group>"; };
		4AFF91D71F641A6200FE189F /* tagsTableViewCell.swift */ = {isa = PBXFileReference; fileEncoding = 4; lastKnownFileType = sourcecode.swift; path = tagsTableViewCell.swift; sourceTree = "<group>"; };
		4AFF91D81F641A6200FE189F /* tagsTableViewCell.xib */ = {isa = PBXFileReference; fileEncoding = 4; lastKnownFileType = file.xib; path = tagsTableViewCell.xib; sourceTree = "<group>"; };
		4AFF91DB1F641A8000FE189F /* introduction.swift */ = {isa = PBXFileReference; fileEncoding = 4; lastKnownFileType = sourcecode.swift; path = introduction.swift; sourceTree = "<group>"; };
		4AFF91DC1F641A8000FE189F /* introduction.xib */ = {isa = PBXFileReference; fileEncoding = 4; lastKnownFileType = file.xib; path = introduction.xib; sourceTree = "<group>"; };
		4AFF91DF1F641AA900FE189F /* others.swift */ = {isa = PBXFileReference; fileEncoding = 4; lastKnownFileType = sourcecode.swift; path = others.swift; sourceTree = "<group>"; };
		4AFF91E01F641AA900FE189F /* others.xib */ = {isa = PBXFileReference; fileEncoding = 4; lastKnownFileType = file.xib; path = others.xib; sourceTree = "<group>"; };
		6E63353C953561B2E076FD4C /* Pods_internals.framework */ = {isa = PBXFileReference; explicitFileType = wrapper.framework; includeInIndex = 0; path = Pods_internals.framework; sourceTree = BUILT_PRODUCTS_DIR; };
		BA9E8A53CA89B7891A8B0201 /* Pods-internals.release.xcconfig */ = {isa = PBXFileReference; includeInIndex = 1; lastKnownFileType = text.xcconfig; name = "Pods-internals.release.xcconfig"; path = "Pods/Target Support Files/Pods-internals/Pods-internals.release.xcconfig"; sourceTree = "<group>"; };
		DB5827C0AD300F2CEAAB654F /* Pods-internals.debug.xcconfig */ = {isa = PBXFileReference; includeInIndex = 1; lastKnownFileType = text.xcconfig; name = "Pods-internals.debug.xcconfig"; path = "Pods/Target Support Files/Pods-internals/Pods-internals.debug.xcconfig"; sourceTree = "<group>"; };
/* End PBXFileReference section */

/* Begin PBXFrameworksBuildPhase section */
		4ADCC7491F511DD3001A4E9F /* Frameworks */ = {
			isa = PBXFrameworksBuildPhase;
			buildActionMask = 2147483647;
			files = (
				4A3224071F5160ED0065A33F /* SwiftyJSON.framework in Frameworks */,
				4A3224051F5160EA0065A33F /* SDAutoLayout.framework in Frameworks */,
				4A3224031F5160E50065A33F /* Alamofire.framework in Frameworks */,
				D1EC4964AE33F5F8C9864AAB /* Pods_internals.framework in Frameworks */,
			);
			runOnlyForDeploymentPostprocessing = 0;
		};
		4ADCC75D1F511DD3001A4E9F /* Frameworks */ = {
			isa = PBXFrameworksBuildPhase;
			buildActionMask = 2147483647;
			files = (
			);
			runOnlyForDeploymentPostprocessing = 0;
		};
		4ADCC7681F511DD3001A4E9F /* Frameworks */ = {
			isa = PBXFrameworksBuildPhase;
			buildActionMask = 2147483647;
			files = (
			);
			runOnlyForDeploymentPostprocessing = 0;
		};
/* End PBXFrameworksBuildPhase section */

/* Begin PBXGroup section */
		4A5304D91F527CF10000F1E9 /* common */ = {
			isa = PBXGroup;
			children = (
				4A5304DA1F527D090000F1E9 /* utils.swift */,
				4AF6C8041F5A98940059496B /* ScrollerCell.swift */,
				4AF6C80A1F5AEB880059496B /* ScrollerCell2.swift */,
				4A4523F11F5BABE1009D6B62 /* jobdetailCell.swift */,
				4AE84EA31F5C108600649404 /* imageScroll.swift */,
				4AFF91A61F5C238400FE189F /* HeaderFoot.swift */,
				4AFF91C31F5EF40000FE189F /* mapApp.swift */,
			);
			name = common;
			sourceTree = "<group>";
		};
		4A5304DC1F52A3E10000F1E9 /* index */ = {
			isa = PBXGroup;
			children = (
				4A5304E01F52A4770000F1E9 /* person setting */,
				4A5304DF1F52A4420000F1E9 /* interview tech */,
				4A5304DE1F52A42B0000F1E9 /* message */,
				4A5304DD1F52A4180000F1E9 /* dashboard */,
				4A5304E31F52A6ED0000F1E9 /* MainTabBarViewController.swift */,
			);
			name = index;
			sourceTree = "<group>";
		};
		4A5304DD1F52A4180000F1E9 /* dashboard */ = {
			isa = PBXGroup;
			children = (
				4AFF91D61F641A1600FE189F /* companyCell */,
				4A5304E71F52A7720000F1E9 /* DashboardViewController.swift */,
				4A5304E91F52FAD20000F1E9 /* demo.swift */,
				4AF6C8021F571D1F0059496B /* CitysView.swift */,
				4AFF91A81F5C338800FE189F /* JobDetailViewController.swift */,
				4AFF91D41F60586600FE189F /* cdetails.swift */,
			);
			name = dashboard;
			sourceTree = "<group>";
		};
		4A5304DE1F52A42B0000F1E9 /* message */ = {
			isa = PBXGroup;
			children = (
			);
			name = message;
			sourceTree = "<group>";
		};
		4A5304DF1F52A4420000F1E9 /* interview tech */ = {
			isa = PBXGroup;
			children = (
			);
			name = "interview tech";
			sourceTree = "<group>";
		};
		4A5304E01F52A4770000F1E9 /* person setting */ = {
			isa = PBXGroup;
			children = (
			);
			name = "person setting";
			sourceTree = "<group>";
		};
		4ADCC7431F511DD3001A4E9F = {
			isa = PBXGroup;
			children = (
				4ADCC74E1F511DD3001A4E9F /* internals */,
				4ADCC7631F511DD3001A4E9F /* internalsTests */,
				4ADCC76E1F511DD3001A4E9F /* internalsUITests */,
				4ADCC74D1F511DD3001A4E9F /* Products */,
				BC3069108A8CDB09E794C1EF /* Pods */,
				AA98FC2D7A11ED39791D94FD /* Frameworks */,
			);
			sourceTree = "<group>";
		};
		4ADCC74D1F511DD3001A4E9F /* Products */ = {
			isa = PBXGroup;
			children = (
				4ADCC74C1F511DD3001A4E9F /* internals.app */,
				4ADCC7601F511DD3001A4E9F /* internalsTests.xctest */,
				4ADCC76B1F511DD3001A4E9F /* internalsUITests.xctest */,
			);
			name = Products;
			sourceTree = "<group>";
		};
		4ADCC74E1F511DD3001A4E9F /* internals */ = {
			isa = PBXGroup;
			children = (
				4AFF91C51F5F0E9300FE189F /* internals.entitlements */,
				4A5304DC1F52A3E10000F1E9 /* index */,
				4A5304D91F527CF10000F1E9 /* common */,
				4ADCC77F1F512529001A4E9F /* 登录 */,
				4ADCC74F1F511DD3001A4E9F /* AppDelegate.swift */,
				4ADCC7511F511DD3001A4E9F /* ViewController.swift */,
				4ADCC7531F511DD3001A4E9F /* Main.storyboard */,
				4ADCC7561F511DD3001A4E9F /* Assets.xcassets */,
				4ADCC7581F511DD3001A4E9F /* LaunchScreen.storyboard */,
				4ADCC75B1F511DD3001A4E9F /* Info.plist */,
				4AE4AFC21F515E7500B5F509 /* bridge.h */,
				4AFF91AC1F5DAB8600FE189F /* nibs */,
			);
			path = internals;
			sourceTree = "<group>";
		};
		4ADCC7631F511DD3001A4E9F /* internalsTests */ = {
			isa = PBXGroup;
			children = (
				4ADCC7641F511DD3001A4E9F /* internalsTests.swift */,
				4ADCC7661F511DD3001A4E9F /* Info.plist */,
			);
			path = internalsTests;
			sourceTree = "<group>";
		};
		4ADCC76E1F511DD3001A4E9F /* internalsUITests */ = {
			isa = PBXGroup;
			children = (
				4ADCC76F1F511DD3001A4E9F /* internalsUITests.swift */,
				4ADCC7711F511DD3001A4E9F /* Info.plist */,
			);
			path = internalsUITests;
			sourceTree = "<group>";
		};
		4ADCC77F1F512529001A4E9F /* 登录 */ = {
			isa = PBXGroup;
			children = (
				4ADCC77D1F51251D001A4E9F /* LoginNavigationController.swift */,
				4ADCC7801F512880001A4E9F /* RegisterViewController.swift */,
				4AE4AFC01F5131AE00B5F509 /* ForgetPasswordController.swift */,
			);
			name = "登录";
			sourceTree = "<group>";
		};
		4AFF91AC1F5DAB8600FE189F /* nibs */ = {
			isa = PBXGroup;
			children = (
				4AFF91B71F5DB8A900FE189F /* company.swift */,
				4AFF91B81F5DB8A900FE189F /* company.xib */,
				4AFF91BB1F5DBD8D00FE189F /* JobDescription.swift */,
				4AFF91BC1F5DBD8D00FE189F /* JobDescription.xib */,
				4AFF91BF1F5DC18000FE189F /* worklocate.swift */,
				4AFF91C01F5DC18000FE189F /* worklocate.xib */,
			);
			name = nibs;
			sourceTree = "<group>";
		};
		4AFF91D61F641A1600FE189F /* companyCell */ = {
			isa = PBXGroup;
			children = (
				4AFF91D71F641A6200FE189F /* tagsTableViewCell.swift */,
				4AFF91D81F641A6200FE189F /* tagsTableViewCell.xib */,
				4AFF91DB1F641A8000FE189F /* introduction.swift */,
				4AFF91DC1F641A8000FE189F /* introduction.xib */,
				4AFF91DF1F641AA900FE189F /* others.swift */,
				4AFF91E01F641AA900FE189F /* others.xib */,
				4A2A2D031F65672B00F42123 /* JobTag.swift */,
				4A2A2D051F6578D800F42123 /* joblist.swift */,
				4A2A2D061F6578D800F42123 /* joblist.xib */,
			);
			name = companyCell;
			sourceTree = "<group>";
		};
		AA98FC2D7A11ED39791D94FD /* Frameworks */ = {
			isa = PBXGroup;
			children = (
				4A3224061F5160ED0065A33F /* SwiftyJSON.framework */,
				4A3224041F5160EA0065A33F /* SDAutoLayout.framework */,
				4A3224021F5160E50065A33F /* Alamofire.framework */,
				6E63353C953561B2E076FD4C /* Pods_internals.framework */,
			);
			name = Frameworks;
			sourceTree = "<group>";
		};
		BC3069108A8CDB09E794C1EF /* Pods */ = {
			isa = PBXGroup;
			children = (
				DB5827C0AD300F2CEAAB654F /* Pods-internals.debug.xcconfig */,
				BA9E8A53CA89B7891A8B0201 /* Pods-internals.release.xcconfig */,
			);
			name = Pods;
			sourceTree = "<group>";
		};
/* End PBXGroup section */

/* Begin PBXNativeTarget section */
		4ADCC74B1F511DD3001A4E9F /* internals */ = {
			isa = PBXNativeTarget;
			buildConfigurationList = 4ADCC7741F511DD3001A4E9F /* Build configuration list for PBXNativeTarget "internals" */;
			buildPhases = (
				CC110E195A207F046B10BE29 /* [CP] Check Pods Manifest.lock */,
				4ADCC7481F511DD3001A4E9F /* Sources */,
				4ADCC7491F511DD3001A4E9F /* Frameworks */,
				4ADCC74A1F511DD3001A4E9F /* Resources */,
				D0038F04F21896170FC4089A /* [CP] Embed Pods Frameworks */,
				BD365D4BD5F47BDCF09AAAFE /* [CP] Copy Pods Resources */,
			);
			buildRules = (
			);
			dependencies = (
			);
			name = internals;
			productName = internals;
			productReference = 4ADCC74C1F511DD3001A4E9F /* internals.app */;
			productType = "com.apple.product-type.application";
		};
		4ADCC75F1F511DD3001A4E9F /* internalsTests */ = {
			isa = PBXNativeTarget;
			buildConfigurationList = 4ADCC7771F511DD3001A4E9F /* Build configuration list for PBXNativeTarget "internalsTests" */;
			buildPhases = (
				4ADCC75C1F511DD3001A4E9F /* Sources */,
				4ADCC75D1F511DD3001A4E9F /* Frameworks */,
				4ADCC75E1F511DD3001A4E9F /* Resources */,
			);
			buildRules = (
			);
			dependencies = (
				4ADCC7621F511DD3001A4E9F /* PBXTargetDependency */,
			);
			name = internalsTests;
			productName = internalsTests;
			productReference = 4ADCC7601F511DD3001A4E9F /* internalsTests.xctest */;
			productType = "com.apple.product-type.bundle.unit-test";
		};
		4ADCC76A1F511DD3001A4E9F /* internalsUITests */ = {
			isa = PBXNativeTarget;
			buildConfigurationList = 4ADCC77A1F511DD3001A4E9F /* Build configuration list for PBXNativeTarget "internalsUITests" */;
			buildPhases = (
				4ADCC7671F511DD3001A4E9F /* Sources */,
				4ADCC7681F511DD3001A4E9F /* Frameworks */,
				4ADCC7691F511DD3001A4E9F /* Resources */,
			);
			buildRules = (
			);
			dependencies = (
				4ADCC76D1F511DD3001A4E9F /* PBXTargetDependency */,
			);
			name = internalsUITests;
			productName = internalsUITests;
			productReference = 4ADCC76B1F511DD3001A4E9F /* internalsUITests.xctest */;
			productType = "com.apple.product-type.bundle.ui-testing";
		};
/* End PBXNativeTarget section */

/* Begin PBXProject section */
		4ADCC7441F511DD3001A4E9F /* Project object */ = {
			isa = PBXProject;
			attributes = {
				LastSwiftUpdateCheck = 0830;
				LastUpgradeCheck = 0830;
				ORGANIZATIONNAME = lk;
				TargetAttributes = {
					4ADCC74B1F511DD3001A4E9F = {
						CreatedOnToolsVersion = 8.3.3;
						DevelopmentTeam = C2S64LJ4ZF;
						ProvisioningStyle = Automatic;
						SystemCapabilities = {
							com.apple.Keychain = {
								enabled = 1;
							};
						};
					};
					4ADCC75F1F511DD3001A4E9F = {
						CreatedOnToolsVersion = 8.3.3;
						DevelopmentTeam = C2S64LJ4ZF;
						ProvisioningStyle = Automatic;
						TestTargetID = 4ADCC74B1F511DD3001A4E9F;
					};
					4ADCC76A1F511DD3001A4E9F = {
						CreatedOnToolsVersion = 8.3.3;
						DevelopmentTeam = C2S64LJ4ZF;
						ProvisioningStyle = Automatic;
						TestTargetID = 4ADCC74B1F511DD3001A4E9F;
					};
				};
			};
			buildConfigurationList = 4ADCC7471F511DD3001A4E9F /* Build configuration list for PBXProject "internals" */;
			compatibilityVersion = "Xcode 3.2";
			developmentRegion = English;
			hasScannedForEncodings = 0;
			knownRegions = (
				en,
				Base,
			);
			mainGroup = 4ADCC7431F511DD3001A4E9F;
			productRefGroup = 4ADCC74D1F511DD3001A4E9F /* Products */;
			projectDirPath = "";
			projectRoot = "";
			targets = (
				4ADCC74B1F511DD3001A4E9F /* internals */,
				4ADCC75F1F511DD3001A4E9F /* internalsTests */,
				4ADCC76A1F511DD3001A4E9F /* internalsUITests */,
			);
		};
/* End PBXProject section */

/* Begin PBXResourcesBuildPhase section */
		4ADCC74A1F511DD3001A4E9F /* Resources */ = {
			isa = PBXResourcesBuildPhase;
			buildActionMask = 2147483647;
			files = (
				4ADCC75A1F511DD3001A4E9F /* LaunchScreen.storyboard in Resources */,
				4A2A2D081F6578D800F42123 /* joblist.xib in Resources */,
				4AFF91BE1F5DBD8D00FE189F /* JobDescription.xib in Resources */,
				4ADCC7571F511DD3001A4E9F /* Assets.xcassets in Resources */,
				4AFF91DE1F641A8000FE189F /* introduction.xib in Resources */,
				4ADCC7551F511DD3001A4E9F /* Main.storyboard in Resources */,
				4AFF91C21F5DC18000FE189F /* worklocate.xib in Resources */,
				4AFF91E21F641AA900FE189F /* others.xib in Resources */,
				4AFF91DA1F641A6200FE189F /* tagsTableViewCell.xib in Resources */,
				4AFF91BA1F5DB8A900FE189F /* company.xib in Resources */,
			);
			runOnlyForDeploymentPostprocessing = 0;
		};
		4ADCC75E1F511DD3001A4E9F /* Resources */ = {
			isa = PBXResourcesBuildPhase;
			buildActionMask = 2147483647;
			files = (
			);
			runOnlyForDeploymentPostprocessing = 0;
		};
		4ADCC7691F511DD3001A4E9F /* Resources */ = {
			isa = PBXResourcesBuildPhase;
			buildActionMask = 2147483647;
			files = (
			);
			runOnlyForDeploymentPostprocessing = 0;
		};
/* End PBXResourcesBuildPhase section */

/* Begin PBXShellScriptBuildPhase section */
		BD365D4BD5F47BDCF09AAAFE /* [CP] Copy Pods Resources */ = {
			isa = PBXShellScriptBuildPhase;
			buildActionMask = 2147483647;
			files = (
			);
			inputPaths = (
			);
			name = "[CP] Copy Pods Resources";
			outputPaths = (
			);
			runOnlyForDeploymentPostprocessing = 0;
			shellPath = /bin/sh;
			shellScript = "\"${SRCROOT}/Pods/Target Support Files/Pods-internals/Pods-internals-resources.sh\"\n";
			showEnvVarsInLog = 0;
		};
		CC110E195A207F046B10BE29 /* [CP] Check Pods Manifest.lock */ = {
			isa = PBXShellScriptBuildPhase;
			buildActionMask = 2147483647;
			files = (
			);
			inputPaths = (
			);
			name = "[CP] Check Pods Manifest.lock";
			outputPaths = (
			);
			runOnlyForDeploymentPostprocessing = 0;
			shellPath = /bin/sh;
			shellScript = "diff \"${PODS_PODFILE_DIR_PATH}/Podfile.lock\" \"${PODS_ROOT}/Manifest.lock\" > /dev/null\nif [ $? != 0 ] ; then\n    # print error to STDERR\n    echo \"error: The sandbox is not in sync with the Podfile.lock. Run 'pod install' or update your CocoaPods installation.\" >&2\n    exit 1\nfi\n";
			showEnvVarsInLog = 0;
		};
		D0038F04F21896170FC4089A /* [CP] Embed Pods Frameworks */ = {
			isa = PBXShellScriptBuildPhase;
			buildActionMask = 2147483647;
			files = (
			);
			inputPaths = (
			);
			name = "[CP] Embed Pods Frameworks";
			outputPaths = (
			);
			runOnlyForDeploymentPostprocessing = 0;
			shellPath = /bin/sh;
			shellScript = "\"${SRCROOT}/Pods/Target Support Files/Pods-internals/Pods-internals-frameworks.sh\"\n";
			showEnvVarsInLog = 0;
		};
/* End PBXShellScriptBuildPhase section */

/* Begin PBXSourcesBuildPhase section */
		4ADCC7481F511DD3001A4E9F /* Sources */ = {
			isa = PBXSourcesBuildPhase;
			buildActionMask = 2147483647;
			files = (
				4AF6C8031F571D1F0059496B /* CitysView.swift in Sources */,
				4AE4AFC11F5131AE00B5F509 /* ForgetPasswordController.swift in Sources */,
				4A4523F21F5BABE1009D6B62 /* jobdetailCell.swift in Sources */,
				4ADCC7521F511DD3001A4E9F /* ViewController.swift in Sources */,
				4AFF91DD1F641A8000FE189F /* introduction.swift in Sources */,
				4AFF91D91F641A6200FE189F /* tagsTableViewCell.swift in Sources */,
				4AF6C80B1F5AEB880059496B /* ScrollerCell2.swift in Sources */,
				4AFF91B91F5DB8A900FE189F /* company.swift in Sources */,
				4AFF91A91F5C338800FE189F /* JobDetailViewController.swift in Sources */,
				4AFF91A71F5C238400FE189F /* HeaderFoot.swift in Sources */,
				4A5304EA1F52FAD20000F1E9 /* demo.swift in Sources */,
				4AFF91C11F5DC18000FE189F /* worklocate.swift in Sources */,
				4AFF91E11F641AA900FE189F /* others.swift in Sources */,
				4AFF91C41F5EF40000FE189F /* mapApp.swift in Sources */,
				4A2A2D041F65672B00F42123 /* JobTag.swift in Sources */,
				4ADCC77E1F51251D001A4E9F /* LoginNavigationController.swift in Sources */,
				4A5304E41F52A6ED0000F1E9 /* MainTabBarViewController.swift in Sources */,
				4AF6C8051F5A98940059496B /* ScrollerCell.swift in Sources */,
				4AE84EA41F5C108600649404 /* imageScroll.swift in Sources */,
				4AFF91D51F60586600FE189F /* cdetails.swift in Sources */,
				4A5304DB1F527D090000F1E9 /* utils.swift in Sources */,
				4A2A2D071F6578D800F42123 /* joblist.swift in Sources */,
				4AFF91BD1F5DBD8D00FE189F /* JobDescription.swift in Sources */,
				4ADCC7501F511DD3001A4E9F /* AppDelegate.swift in Sources */,
				4ADCC7811F512880001A4E9F /* RegisterViewController.swift in Sources */,
				4A5304E81F52A7720000F1E9 /* DashboardViewController.swift in Sources */,
			);
			runOnlyForDeploymentPostprocessing = 0;
		};
		4ADCC75C1F511DD3001A4E9F /* Sources */ = {
			isa = PBXSourcesBuildPhase;
			buildActionMask = 2147483647;
			files = (
				4ADCC7651F511DD3001A4E9F /* internalsTests.swift in Sources */,
			);
			runOnlyForDeploymentPostprocessing = 0;
		};
		4ADCC7671F511DD3001A4E9F /* Sources */ = {
			isa = PBXSourcesBuildPhase;
			buildActionMask = 2147483647;
			files = (
				4ADCC7701F511DD3001A4E9F /* internalsUITests.swift in Sources */,
			);
			runOnlyForDeploymentPostprocessing = 0;
		};
/* End PBXSourcesBuildPhase section */

/* Begin PBXTargetDependency section */
		4ADCC7621F511DD3001A4E9F /* PBXTargetDependency */ = {
			isa = PBXTargetDependency;
			target = 4ADCC74B1F511DD3001A4E9F /* internals */;
			targetProxy = 4ADCC7611F511DD3001A4E9F /* PBXContainerItemProxy */;
		};
		4ADCC76D1F511DD3001A4E9F /* PBXTargetDependency */ = {
			isa = PBXTargetDependency;
			target = 4ADCC74B1F511DD3001A4E9F /* internals */;
			targetProxy = 4ADCC76C1F511DD3001A4E9F /* PBXContainerItemProxy */;
		};
/* End PBXTargetDependency section */

/* Begin PBXVariantGroup section */
		4ADCC7531F511DD3001A4E9F /* Main.storyboard */ = {
			isa = PBXVariantGroup;
			children = (
				4ADCC7541F511DD3001A4E9F /* Base */,
			);
			name = Main.storyboard;
			sourceTree = "<group>";
		};
		4ADCC7581F511DD3001A4E9F /* LaunchScreen.storyboard */ = {
			isa = PBXVariantGroup;
			children = (
				4ADCC7591F511DD3001A4E9F /* Base */,
			);
			name = LaunchScreen.storyboard;
			sourceTree = "<group>";
		};
/* End PBXVariantGroup section */

/* Begin XCBuildConfiguration section */
		4ADCC7721F511DD3001A4E9F /* Debug */ = {
			isa = XCBuildConfiguration;
			buildSettings = {
				ALWAYS_SEARCH_USER_PATHS = NO;
				CLANG_ANALYZER_NONNULL = YES;
				CLANG_ANALYZER_NUMBER_OBJECT_CONVERSION = YES_AGGRESSIVE;
				CLANG_CXX_LANGUAGE_STANDARD = "gnu++0x";
				CLANG_CXX_LIBRARY = "libc++";
				CLANG_ENABLE_MODULES = YES;
				CLANG_ENABLE_OBJC_ARC = YES;
				CLANG_WARN_BOOL_CONVERSION = YES;
				CLANG_WARN_CONSTANT_CONVERSION = YES;
				CLANG_WARN_DIRECT_OBJC_ISA_USAGE = YES_ERROR;
				CLANG_WARN_DOCUMENTATION_COMMENTS = YES;
				CLANG_WARN_EMPTY_BODY = YES;
				CLANG_WARN_ENUM_CONVERSION = YES;
				CLANG_WARN_INFINITE_RECURSION = YES;
				CLANG_WARN_INT_CONVERSION = YES;
				CLANG_WARN_OBJC_ROOT_CLASS = YES_ERROR;
				CLANG_WARN_SUSPICIOUS_MOVE = YES;
				CLANG_WARN_UNREACHABLE_CODE = YES;
				CLANG_WARN__DUPLICATE_METHOD_MATCH = YES;
				"CODE_SIGN_IDENTITY[sdk=iphoneos*]" = "iPhone Developer";
				COPY_PHASE_STRIP = NO;
				DEBUG_INFORMATION_FORMAT = dwarf;
				ENABLE_STRICT_OBJC_MSGSEND = YES;
				ENABLE_TESTABILITY = YES;
				GCC_C_LANGUAGE_STANDARD = gnu99;
				GCC_DYNAMIC_NO_PIC = NO;
				GCC_NO_COMMON_BLOCKS = YES;
				GCC_OPTIMIZATION_LEVEL = 0;
				GCC_PREPROCESSOR_DEFINITIONS = (
					"DEBUG=1",
					"$(inherited)",
				);
				GCC_WARN_64_TO_32_BIT_CONVERSION = YES;
				GCC_WARN_ABOUT_RETURN_TYPE = YES_ERROR;
				GCC_WARN_UNDECLARED_SELECTOR = YES;
				GCC_WARN_UNINITIALIZED_AUTOS = YES_AGGRESSIVE;
				GCC_WARN_UNUSED_FUNCTION = YES;
				GCC_WARN_UNUSED_VARIABLE = YES;
				IPHONEOS_DEPLOYMENT_TARGET = 10.3;
				MTL_ENABLE_DEBUG_INFO = YES;
				ONLY_ACTIVE_ARCH = YES;
				SDKROOT = iphoneos;
				SWIFT_ACTIVE_COMPILATION_CONDITIONS = DEBUG;
				SWIFT_OPTIMIZATION_LEVEL = "-Onone";
			};
			name = Debug;
		};
		4ADCC7731F511DD3001A4E9F /* Release */ = {
			isa = XCBuildConfiguration;
			buildSettings = {
				ALWAYS_SEARCH_USER_PATHS = NO;
				CLANG_ANALYZER_NONNULL = YES;
				CLANG_ANALYZER_NUMBER_OBJECT_CONVERSION = YES_AGGRESSIVE;
				CLANG_CXX_LANGUAGE_STANDARD = "gnu++0x";
				CLANG_CXX_LIBRARY = "libc++";
				CLANG_ENABLE_MODULES = YES;
				CLANG_ENABLE_OBJC_ARC = YES;
				CLANG_WARN_BOOL_CONVERSION = YES;
				CLANG_WARN_CONSTANT_CONVERSION = YES;
				CLANG_WARN_DIRECT_OBJC_ISA_USAGE = YES_ERROR;
				CLANG_WARN_DOCUMENTATION_COMMENTS = YES;
				CLANG_WARN_EMPTY_BODY = YES;
				CLANG_WARN_ENUM_CONVERSION = YES;
				CLANG_WARN_INFINITE_RECURSION = YES;
				CLANG_WARN_INT_CONVERSION = YES;
				CLANG_WARN_OBJC_ROOT_CLASS = YES_ERROR;
				CLANG_WARN_SUSPICIOUS_MOVE = YES;
				CLANG_WARN_UNREACHABLE_CODE = YES;
				CLANG_WARN__DUPLICATE_METHOD_MATCH = YES;
				"CODE_SIGN_IDENTITY[sdk=iphoneos*]" = "iPhone Developer";
				COPY_PHASE_STRIP = NO;
				DEBUG_INFORMATION_FORMAT = "dwarf-with-dsym";
				ENABLE_NS_ASSERTIONS = NO;
				ENABLE_STRICT_OBJC_MSGSEND = YES;
				GCC_C_LANGUAGE_STANDARD = gnu99;
				GCC_NO_COMMON_BLOCKS = YES;
				GCC_WARN_64_TO_32_BIT_CONVERSION = YES;
				GCC_WARN_ABOUT_RETURN_TYPE = YES_ERROR;
				GCC_WARN_UNDECLARED_SELECTOR = YES;
				GCC_WARN_UNINITIALIZED_AUTOS = YES_AGGRESSIVE;
				GCC_WARN_UNUSED_FUNCTION = YES;
				GCC_WARN_UNUSED_VARIABLE = YES;
				IPHONEOS_DEPLOYMENT_TARGET = 10.3;
				MTL_ENABLE_DEBUG_INFO = NO;
				SDKROOT = iphoneos;
				SWIFT_OPTIMIZATION_LEVEL = "-Owholemodule";
				VALIDATE_PRODUCT = YES;
			};
			name = Release;
		};
		4ADCC7751F511DD3001A4E9F /* Debug */ = {
			isa = XCBuildConfiguration;
			baseConfigurationReference = DB5827C0AD300F2CEAAB654F /* Pods-internals.debug.xcconfig */;
			buildSettings = {
				ASSETCATALOG_COMPILER_APPICON_NAME = AppIcon;
				CODE_SIGN_ENTITLEMENTS = internals/internals.entitlements;
				DEVELOPMENT_TEAM = C2S64LJ4ZF;
				FRAMEWORK_SEARCH_PATHS = (
					"$(inherited)",
					"$(PROJECT_DIR)/build/Debug-iphoneos/SDAutoLayout",
				);
				INFOPLIST_FILE = internals/Info.plist;
				LD_RUNPATH_SEARCH_PATHS = "$(inherited) @executable_path/Frameworks";
				PRODUCT_BUNDLE_IDENTIFIER = ke.kiang.internals;
				PRODUCT_NAME = "$(TARGET_NAME)";
				SWIFT_OBJC_BRIDGING_HEADER = internals/bridge.h;
				SWIFT_VERSION = 3.0;
			};
			name = Debug;
		};
		4ADCC7761F511DD3001A4E9F /* Release */ = {
			isa = XCBuildConfiguration;
			baseConfigurationReference = BA9E8A53CA89B7891A8B0201 /* Pods-internals.release.xcconfig */;
			buildSettings = {
				ASSETCATALOG_COMPILER_APPICON_NAME = AppIcon;
				CODE_SIGN_ENTITLEMENTS = internals/internals.entitlements;
				DEVELOPMENT_TEAM = C2S64LJ4ZF;
				FRAMEWORK_SEARCH_PATHS = (
					"$(inherited)",
					"$(PROJECT_DIR)/build/Debug-iphoneos/SDAutoLayout",
				);
				INFOPLIST_FILE = internals/Info.plist;
				LD_RUNPATH_SEARCH_PATHS = "$(inherited) @executable_path/Frameworks";
				PRODUCT_BUNDLE_IDENTIFIER = ke.kiang.internals;
				PRODUCT_NAME = "$(TARGET_NAME)";
				SWIFT_OBJC_BRIDGING_HEADER = internals/bridge.h;
				SWIFT_VERSION = 3.0;
			};
			name = Release;
		};
		4ADCC7781F511DD3001A4E9F /* Debug */ = {
			isa = XCBuildConfiguration;
			buildSettings = {
				ALWAYS_EMBED_SWIFT_STANDARD_LIBRARIES = YES;
				BUNDLE_LOADER = "$(TEST_HOST)";
				DEVELOPMENT_TEAM = C2S64LJ4ZF;
				INFOPLIST_FILE = internalsTests/Info.plist;
				LD_RUNPATH_SEARCH_PATHS = "$(inherited) @executable_path/Frameworks @loader_path/Frameworks";
				PRODUCT_BUNDLE_IDENTIFIER = ke.kiang.internalsTests;
				PRODUCT_NAME = "$(TARGET_NAME)";
				SWIFT_VERSION = 3.0;
				TEST_HOST = "$(BUILT_PRODUCTS_DIR)/internals.app/internals";
			};
			name = Debug;
		};
		4ADCC7791F511DD3001A4E9F /* Release */ = {
			isa = XCBuildConfiguration;
			buildSettings = {
				ALWAYS_EMBED_SWIFT_STANDARD_LIBRARIES = YES;
				BUNDLE_LOADER = "$(TEST_HOST)";
				DEVELOPMENT_TEAM = C2S64LJ4ZF;
				INFOPLIST_FILE = internalsTests/Info.plist;
				LD_RUNPATH_SEARCH_PATHS = "$(inherited) @executable_path/Frameworks @loader_path/Frameworks";
				PRODUCT_BUNDLE_IDENTIFIER = ke.kiang.internalsTests;
				PRODUCT_NAME = "$(TARGET_NAME)";
				SWIFT_VERSION = 3.0;
				TEST_HOST = "$(BUILT_PRODUCTS_DIR)/internals.app/internals";
			};
			name = Release;
		};
		4ADCC77B1F511DD3001A4E9F /* Debug */ = {
			isa = XCBuildConfiguration;
			buildSettings = {
				ALWAYS_EMBED_SWIFT_STANDARD_LIBRARIES = YES;
				DEVELOPMENT_TEAM = C2S64LJ4ZF;
				INFOPLIST_FILE = internalsUITests/Info.plist;
				LD_RUNPATH_SEARCH_PATHS = "$(inherited) @executable_path/Frameworks @loader_path/Frameworks";
				PRODUCT_BUNDLE_IDENTIFIER = ke.kiang.internalsUITests;
				PRODUCT_NAME = "$(TARGET_NAME)";
				SWIFT_VERSION = 3.0;
				TEST_TARGET_NAME = internals;
			};
			name = Debug;
		};
		4ADCC77C1F511DD3001A4E9F /* Release */ = {
			isa = XCBuildConfiguration;
			buildSettings = {
				ALWAYS_EMBED_SWIFT_STANDARD_LIBRARIES = YES;
				DEVELOPMENT_TEAM = C2S64LJ4ZF;
				INFOPLIST_FILE = internalsUITests/Info.plist;
				LD_RUNPATH_SEARCH_PATHS = "$(inherited) @executable_path/Frameworks @loader_path/Frameworks";
				PRODUCT_BUNDLE_IDENTIFIER = ke.kiang.internalsUITests;
				PRODUCT_NAME = "$(TARGET_NAME)";
				SWIFT_VERSION = 3.0;
				TEST_TARGET_NAME = internals;
			};
			name = Release;
		};
/* End XCBuildConfiguration section */

/* Begin XCConfigurationList section */
		4ADCC7471F511DD3001A4E9F /* Build configuration list for PBXProject "internals" */ = {
			isa = XCConfigurationList;
			buildConfigurations = (
				4ADCC7721F511DD3001A4E9F /* Debug */,
				4ADCC7731F511DD3001A4E9F /* Release */,
			);
			defaultConfigurationIsVisible = 0;
			defaultConfigurationName = Release;
		};
		4ADCC7741F511DD3001A4E9F /* Build configuration list for PBXNativeTarget "internals" */ = {
			isa = XCConfigurationList;
			buildConfigurations = (
				4ADCC7751F511DD3001A4E9F /* Debug */,
				4ADCC7761F511DD3001A4E9F /* Release */,
			);
			defaultConfigurationIsVisible = 0;
			defaultConfigurationName = Release;
		};
		4ADCC7771F511DD3001A4E9F /* Build configuration list for PBXNativeTarget "internalsTests" */ = {
			isa = XCConfigurationList;
			buildConfigurations = (
				4ADCC7781F511DD3001A4E9F /* Debug */,
				4ADCC7791F511DD3001A4E9F /* Release */,
			);
			defaultConfigurationIsVisible = 0;
			defaultConfigurationName = Release;
		};
		4ADCC77A1F511DD3001A4E9F /* Build configuration list for PBXNativeTarget "internalsUITests" */ = {
			isa = XCConfigurationList;
			buildConfigurations = (
				4ADCC77B1F511DD3001A4E9F /* Debug */,
				4ADCC77C1F511DD3001A4E9F /* Release */,
			);
			defaultConfigurationIsVisible = 0;
			defaultConfigurationName = Release;
		};
/* End XCConfigurationList section */
	};
	rootObject = 4ADCC7441F511DD3001A4E9F /* Project object */;
}
