// !$*UTF8*$!
{
	archiveVersion = 1;
	classes = {
	};
	objectVersion = 46;
	objects = {

/* Begin PBXBuildFile section */
		4A2A2D041F65672B00F42123 /* JobTag.swift in Sources */ = {isa = PBXBuildFile; fileRef = 4A2A2D031F65672B00F42123 /* JobTag.swift */; };
		4A2A2D071F6578D800F42123 /* joblist.swift in Sources */ = {isa = PBXBuildFile; fileRef = 4A2A2D051F6578D800F42123 /* joblist.swift */; };
		4A2A2D081F6578D800F42123 /* joblist.xib in Resources */ = {isa = PBXBuildFile; fileRef = 4A2A2D061F6578D800F42123 /* joblist.xib */; };
		4A3224031F5160E50065A33F /* Alamofire.framework in Frameworks */ = {isa = PBXBuildFile; fileRef = 4A3224021F5160E50065A33F /* Alamofire.framework */; settings = {ATTRIBUTES = (Required, ); }; };
		4A3224051F5160EA0065A33F /* SDAutoLayout.framework in Frameworks */ = {isa = PBXBuildFile; fileRef = 4A3224041F5160EA0065A33F /* SDAutoLayout.framework */; settings = {ATTRIBUTES = (Required, ); }; };
		4A3224071F5160ED0065A33F /* SwiftyJSON.framework in Frameworks */ = {isa = PBXBuildFile; fileRef = 4A3224061F5160ED0065A33F /* SwiftyJSON.framework */; settings = {ATTRIBUTES = (Required, ); }; };
		4A406B5F1FA4D3D900277AA0 /* PersonCardCell.swift in Sources */ = {isa = PBXBuildFile; fileRef = 4A406B5E1FA4D3D900277AA0 /* PersonCardCell.swift */; };
		4A406B611FA4DB0A00277AA0 /* personCardBody.swift in Sources */ = {isa = PBXBuildFile; fileRef = 4A406B601FA4DB0A00277AA0 /* personCardBody.swift */; };
		4A406B651FA5772100277AA0 /* PickImageController.swift in Sources */ = {isa = PBXBuildFile; fileRef = 4A406B641FA5772100277AA0 /* PickImageController.swift */; };
		4A406B671FA5834F00277AA0 /* ImageCell.swift in Sources */ = {isa = PBXBuildFile; fileRef = 4A406B661FA5834F00277AA0 /* ImageCell.swift */; };
		4A406B691FA58BDC00277AA0 /* ImageMessage.swift in Sources */ = {isa = PBXBuildFile; fileRef = 4A406B681FA58BDC00277AA0 /* ImageMessage.swift */; };
		4A444ECB1F8A168B006AE83D /* searchRequest.pb.swift in Sources */ = {isa = PBXBuildFile; fileRef = 4A444ECA1F8A168B006AE83D /* searchRequest.pb.swift */; };
		4A444ECD1F8E5121006AE83D /* friendsController.swift in Sources */ = {isa = PBXBuildFile; fileRef = 4A444ECC1F8E5121006AE83D /* friendsController.swift */; };
		4A444ED01F8E5789006AE83D /* contactlist.swift in Sources */ = {isa = PBXBuildFile; fileRef = 4A444ECE1F8E5789006AE83D /* contactlist.swift */; };
		4A444ED11F8E5789006AE83D /* contactlist.xib in Resources */ = {isa = PBXBuildFile; fileRef = 4A444ECF1F8E5789006AE83D /* contactlist.xib */; };
		4A444ED31F8F9E44006AE83D /* Friends.swift in Sources */ = {isa = PBXBuildFile; fileRef = 4A444ED21F8F9E44006AE83D /* Friends.swift */; };
		4A4523F21F5BABE1009D6B62 /* jobdetailCell.swift in Sources */ = {isa = PBXBuildFile; fileRef = 4A4523F11F5BABE1009D6B62 /* jobdetailCell.swift */; };
		4A5304DB1F527D090000F1E9 /* tool.swift in Sources */ = {isa = PBXBuildFile; fileRef = 4A5304DA1F527D090000F1E9 /* tool.swift */; };
		4A5304E41F52A6ED0000F1E9 /* MainTabBarViewController.swift in Sources */ = {isa = PBXBuildFile; fileRef = 4A5304E31F52A6ED0000F1E9 /* MainTabBarViewController.swift */; };
		4A5304E81F52A7720000F1E9 /* DashboardViewController.swift in Sources */ = {isa = PBXBuildFile; fileRef = 4A5304E71F52A7720000F1E9 /* DashboardViewController.swift */; };
		4A5304EA1F52FAD20000F1E9 /* demo.swift in Sources */ = {isa = PBXBuildFile; fileRef = 4A5304E91F52FAD20000F1E9 /* demo.swift */; };
		4A6BC22C1FC312A7002C17B6 /* RegistryViewModel.swift in Sources */ = {isa = PBXBuildFile; fileRef = 4A6BC22B1FC312A7002C17B6 /* RegistryViewModel.swift */; };
		4A6BC22E1FC711EB002C17B6 /* ChangePasswordModeView.swift in Sources */ = {isa = PBXBuildFile; fileRef = 4A6BC22D1FC711EB002C17B6 /* ChangePasswordModeView.swift */; };
		4A6BC2301FC856D7002C17B6 /* PersonViewController.swift in Sources */ = {isa = PBXBuildFile; fileRef = 4A6BC22F1FC856D7002C17B6 /* PersonViewController.swift */; };
		4A6BC2371FC86453002C17B6 /* config.swift in Sources */ = {isa = PBXBuildFile; fileRef = 4A6BC2361FC86453002C17B6 /* config.swift */; };
		4A6BC2391FC926C5002C17B6 /* Jobs.swift in Sources */ = {isa = PBXBuildFile; fileRef = 4A6BC2381FC926C5002C17B6 /* Jobs.swift */; };
		4A6BC23B1FC92BA3002C17B6 /* mainPageViewModel.swift in Sources */ = {isa = PBXBuildFile; fileRef = 4A6BC23A1FC92BA3002C17B6 /* mainPageViewModel.swift */; };
		4A6BC23D1FC92C26002C17B6 /* mainPageHttpServer.swift in Sources */ = {isa = PBXBuildFile; fileRef = 4A6BC23C1FC92C26002C17B6 /* mainPageHttpServer.swift */; };
		4A6BC2431FCB12A3002C17B6 /* Exhibition.swift in Sources */ = {isa = PBXBuildFile; fileRef = 4A6BC2421FCB12A3002C17B6 /* Exhibition.swift */; };
		4A8D28BB1FD195C900FA983F /* utils.swift in Sources */ = {isa = PBXBuildFile; fileRef = 4A8D28BA1FD195C900FA983F /* utils.swift */; };
		4A8D28BD1FD2734400FA983F /* extension+searchDelegate.swift in Sources */ = {isa = PBXBuildFile; fileRef = 4A8D28BC1FD2734400FA983F /* extension+searchDelegate.swift */; };
		4A8D28BF1FD27A2F00FA983F /* extension+String.swift in Sources */ = {isa = PBXBuildFile; fileRef = 4A8D28BE1FD27A2F00FA983F /* extension+String.swift */; };
		4A93C2B51F80AB900022E97B /* messageMain.swift in Sources */ = {isa = PBXBuildFile; fileRef = 4A93C2B41F80AB900022E97B /* messageMain.swift */; };
		4A93C2B81F80AC590022E97B /* messageItemCell.swift in Sources */ = {isa = PBXBuildFile; fileRef = 4A93C2B61F80AC590022E97B /* messageItemCell.swift */; };
		4A93C2B91F80AC590022E97B /* messageItemCell.xib in Resources */ = {isa = PBXBuildFile; fileRef = 4A93C2B71F80AC590022E97B /* messageItemCell.xib */; };
		4A93C2BB1F80CE5F0022E97B /* deliveredHistory.swift in Sources */ = {isa = PBXBuildFile; fileRef = 4A93C2BA1F80CE5F0022E97B /* deliveredHistory.swift */; };
		4A93C2BD1F80CEAA0022E97B /* communication.swift in Sources */ = {isa = PBXBuildFile; fileRef = 4A93C2BC1F80CEAA0022E97B /* communication.swift */; };
		4A93C2BF1F80CECB0022E97B /* relationship.swift in Sources */ = {isa = PBXBuildFile; fileRef = 4A93C2BE1F80CECB0022E97B /* relationship.swift */; };
		4A93C2C11F80CEF70022E97B /* recommendation.swift in Sources */ = {isa = PBXBuildFile; fileRef = 4A93C2C01F80CEF70022E97B /* recommendation.swift */; };
		4A93C2C31F80CF080022E97B /* forumView.swift in Sources */ = {isa = PBXBuildFile; fileRef = 4A93C2C21F80CF080022E97B /* forumView.swift */; };
		4A93C2C61F8124930022E97B /* delivereddata.swift in Sources */ = {isa = PBXBuildFile; fileRef = 4A93C2C51F8124930022E97B /* delivereddata.swift */; };
		4A93C2C91F8127810022E97B /* deliveredJobs.swift in Sources */ = {isa = PBXBuildFile; fileRef = 4A93C2C71F8127810022E97B /* deliveredJobs.swift */; };
		4A93C2CA1F8127810022E97B /* deliveredJobs.xib in Resources */ = {isa = PBXBuildFile; fileRef = 4A93C2C81F8127810022E97B /* deliveredJobs.xib */; };
		4A93C2CC1F81FD330022E97B /* jobstatusView.swift in Sources */ = {isa = PBXBuildFile; fileRef = 4A93C2CB1F81FD330022E97B /* jobstatusView.swift */; };
		4A93C2CF1F82292E0022E97B /* statustage.swift in Sources */ = {isa = PBXBuildFile; fileRef = 4A93C2CD1F82292E0022E97B /* statustage.swift */; };
		4A93C2D01F82292E0022E97B /* statustage.xib in Resources */ = {isa = PBXBuildFile; fileRef = 4A93C2CE1F82292E0022E97B /* statustage.xib */; };
		4A93C2D41F834C030022E97B /* subscribleItem.swift in Sources */ = {isa = PBXBuildFile; fileRef = 4A93C2D31F834C030022E97B /* subscribleItem.swift */; };
		4A93C2D91F834F2E0022E97B /* subjobitem.swift in Sources */ = {isa = PBXBuildFile; fileRef = 4A93C2D71F834F2E0022E97B /* subjobitem.swift */; };
		4A93C2DA1F834F2E0022E97B /* subjobitem.xib in Resources */ = {isa = PBXBuildFile; fileRef = 4A93C2D81F834F2E0022E97B /* subjobitem.xib */; };
		4A93C2DC1F83574A0022E97B /* localData.swift in Sources */ = {isa = PBXBuildFile; fileRef = 4A93C2DB1F83574A0022E97B /* localData.swift */; };
		4A93C2DE1F8359A20022E97B /* subconditions.swift in Sources */ = {isa = PBXBuildFile; fileRef = 4A93C2DD1F8359A20022E97B /* subconditions.swift */; };
		4A93C2E11F8369B10022E97B /* conditionCell.swift in Sources */ = {isa = PBXBuildFile; fileRef = 4A93C2DF1F8369B10022E97B /* conditionCell.swift */; };
		4A93C2E21F8369B10022E97B /* conditionCell.xib in Resources */ = {isa = PBXBuildFile; fileRef = 4A93C2E01F8369B10022E97B /* conditionCell.xib */; };
		4A93C2E41F8788720022E97B /* editcondition.swift in Sources */ = {isa = PBXBuildFile; fileRef = 4A93C2E31F8788720022E97B /* editcondition.swift */; };
		4A93C2E71F88B8E20022E97B /* client.swift in Sources */ = {isa = PBXBuildFile; fileRef = 4A93C2E61F88B8E20022E97B /* client.swift */; };
		4A9CE3641F715B30002A8FD5 /* historyAndCatagoryView.swift in Sources */ = {isa = PBXBuildFile; fileRef = 4A9CE3631F715B30002A8FD5 /* historyAndCatagoryView.swift */; };
		4A9CE3661F715E37002A8FD5 /* dropMenu.swift in Sources */ = {isa = PBXBuildFile; fileRef = 4A9CE3651F715E37002A8FD5 /* dropMenu.swift */; };
		4A9CE3681F715F1D002A8FD5 /* JobClasses.swift in Sources */ = {isa = PBXBuildFile; fileRef = 4A9CE3671F715F1D002A8FD5 /* JobClasses.swift */; };
		4A9CE36A1F715F6E002A8FD5 /* internCondition.swift in Sources */ = {isa = PBXBuildFile; fileRef = 4A9CE3691F715F6E002A8FD5 /* internCondition.swift */; };
		4A9CE36C1F716101002A8FD5 /* progressHUB.swift in Sources */ = {isa = PBXBuildFile; fileRef = 4A9CE36B1F716101002A8FD5 /* progressHUB.swift */; };
		4A9CE36F1F72C2E6002A8FD5 /* myextension.swift in Sources */ = {isa = PBXBuildFile; fileRef = 4A9CE36E1F72C2E6002A8FD5 /* myextension.swift */; };
		4ABB98751F9CDB5300DD9AAB /* emotion2.bundle in Resources */ = {isa = PBXBuildFile; fileRef = 4ABB986F1F9CDB2B00DD9AAB /* emotion2.bundle */; };
		4ABB98781F9CDB5300DD9AAB /* test.bundle in Resources */ = {isa = PBXBuildFile; fileRef = 4ADDDABE1F98F735001CB00F /* test.bundle */; };
		4ABB987B1F9CDE8E00DD9AAB /* test.plist in Resources */ = {isa = PBXBuildFile; fileRef = 4ABB987A1F9CDE6000DD9AAB /* test.plist */; };
		4ABB987C1F9CDE8E00DD9AAB /* emotion2.plist in Resources */ = {isa = PBXBuildFile; fileRef = 4ABB98791F9CDE3A00DD9AAB /* emotion2.plist */; };
		4AC056311F93B46C00D5B739 /* LXFChatHorizontalLayout.swift in Sources */ = {isa = PBXBuildFile; fileRef = 4AC056301F93B46C00D5B739 /* LXFChatHorizontalLayout.swift */; };
		4AC2D4FC1F89242E00EF0845 /* Security.framework in Frameworks */ = {isa = PBXBuildFile; fileRef = 4AC2D4FB1F89242E00EF0845 /* Security.framework */; };
		4AC2D4FE1F89243700EF0845 /* CFNetwork.framework in Frameworks */ = {isa = PBXBuildFile; fileRef = 4AC2D4FD1F89243700EF0845 /* CFNetwork.framework */; };
		4AC2D5001F89244300EF0845 /* libicucore.tbd in Frameworks */ = {isa = PBXBuildFile; fileRef = 4AC2D4FF1F89244300EF0845 /* libicucore.tbd */; };
		4AC2D5021F89244C00EF0845 /* Foundation.framework in Frameworks */ = {isa = PBXBuildFile; fileRef = 4AC2D5011F89244C00EF0845 /* Foundation.framework */; };
		4AC2D5061F89257400EF0845 /* SocketRocket.framework in Frameworks */ = {isa = PBXBuildFile; fileRef = 4AC2D5051F89257400EF0845 /* SocketRocket.framework */; };
		4ACBD6F51F76386D00A5FD23 /* baseSearchViewController.swift in Sources */ = {isa = PBXBuildFile; fileRef = 4ACBD6F41F76386D00A5FD23 /* baseSearchViewController.swift */; };
		4ACBD6F71F77DE6C00A5FD23 /* Social.framework in Frameworks */ = {isa = PBXBuildFile; fileRef = 4ACBD6F61F77DE6C00A5FD23 /* Social.framework */; };
		4ACBD6FC1F77E8F500A5FD23 /* shareView.swift in Sources */ = {isa = PBXBuildFile; fileRef = 4ACBD6FB1F77E8F500A5FD23 /* shareView.swift */; };
		4AD03AB81F9B45270077C15B /* InputTextView.swift in Sources */ = {isa = PBXBuildFile; fileRef = 4AD03AB71F9B45270077C15B /* InputTextView.swift */; };
		4AD03ABB1F9C7DD30077C15B /* GetChatEmotion.swift in Sources */ = {isa = PBXBuildFile; fileRef = 4AD03ABA1F9C7DD30077C15B /* GetChatEmotion.swift */; };
		4ADADAAB1FA4C09400134AAE /* ReplyView.swift in Sources */ = {isa = PBXBuildFile; fileRef = 4ADADAAA1FA4C09400134AAE /* ReplyView.swift */; };
		4ADCC7501F511DD3001A4E9F /* AppDelegate.swift in Sources */ = {isa = PBXBuildFile; fileRef = 4ADCC74F1F511DD3001A4E9F /* AppDelegate.swift */; };
		4ADCC7521F511DD3001A4E9F /* logViewController.swift in Sources */ = {isa = PBXBuildFile; fileRef = 4ADCC7511F511DD3001A4E9F /* logViewController.swift */; };
		4ADCC7551F511DD3001A4E9F /* Main.storyboard in Resources */ = {isa = PBXBuildFile; fileRef = 4ADCC7531F511DD3001A4E9F /* Main.storyboard */; };
		4ADCC7571F511DD3001A4E9F /* Assets.xcassets in Resources */ = {isa = PBXBuildFile; fileRef = 4ADCC7561F511DD3001A4E9F /* Assets.xcassets */; };
		4ADCC75A1F511DD3001A4E9F /* LaunchScreen.storyboard in Resources */ = {isa = PBXBuildFile; fileRef = 4ADCC7581F511DD3001A4E9F /* LaunchScreen.storyboard */; };
		4ADCC7651F511DD3001A4E9F /* internalsTests.swift in Sources */ = {isa = PBXBuildFile; fileRef = 4ADCC7641F511DD3001A4E9F /* internalsTests.swift */; };
		4ADCC7701F511DD3001A4E9F /* internalsUITests.swift in Sources */ = {isa = PBXBuildFile; fileRef = 4ADCC76F1F511DD3001A4E9F /* internalsUITests.swift */; };
		4ADCC77E1F51251D001A4E9F /* LoginNavigationController.swift in Sources */ = {isa = PBXBuildFile; fileRef = 4ADCC77D1F51251D001A4E9F /* LoginNavigationController.swift */; };
		4ADCC7811F512880001A4E9F /* RegisterViewController.swift in Sources */ = {isa = PBXBuildFile; fileRef = 4ADCC7801F512880001A4E9F /* RegisterViewController.swift */; };
		4ADDDAB31F97ABA4001CB00F /* ChatEmotionView.swift in Sources */ = {isa = PBXBuildFile; fileRef = 4ADDDAB21F97ABA4001CB00F /* ChatEmotionView.swift */; };
		4ADDDAB51F98EF84001CB00F /* ChatEmotionCell.swift in Sources */ = {isa = PBXBuildFile; fileRef = 4ADDDAB41F98EF84001CB00F /* ChatEmotionCell.swift */; };
		4ADDDAB81F98F054001CB00F /* MChatEmotion.swift in Sources */ = {isa = PBXBuildFile; fileRef = 4ADDDAB71F98F054001CB00F /* MChatEmotion.swift */; };
		4ADDDAD51F98F9B3001CB00F /* ChatEmotionHelper.swift in Sources */ = {isa = PBXBuildFile; fileRef = 4ADDDAD41F98F9B3001CB00F /* ChatEmotionHelper.swift */; };
		4ADDDAD81F9B1EE3001CB00F /* ChatEmotionAttachment.swift in Sources */ = {isa = PBXBuildFile; fileRef = 4ADDDAD71F9B1EE3001CB00F /* ChatEmotionAttachment.swift */; };
		4ADDDADC1F9B40A8001CB00F /* ChatBarView.swift in Sources */ = {isa = PBXBuildFile; fileRef = 4ADDDADB1F9B40A8001CB00F /* ChatBarView.swift */; };
		4ADDDAE01F9B426C001CB00F /* ChatMoreView.swift in Sources */ = {isa = PBXBuildFile; fileRef = 4ADDDADF1F9B426C001CB00F /* ChatMoreView.swift */; };
		4AE4AFC11F5131AE00B5F509 /* ForgetPasswordController.swift in Sources */ = {isa = PBXBuildFile; fileRef = 4AE4AFC01F5131AE00B5F509 /* ForgetPasswordController.swift */; };
		4AE694C31F91D5BD005BE1F0 /* messageCell.swift in Sources */ = {isa = PBXBuildFile; fileRef = 4AE694C21F91D5BD005BE1F0 /* messageCell.swift */; };
		4AE84EA41F5C108600649404 /* imageScroll.swift in Sources */ = {isa = PBXBuildFile; fileRef = 4AE84EA31F5C108600649404 /* imageScroll.swift */; };
		4AEDFE861FBFEA5B0071F4D8 /* extension+textfield.swift in Sources */ = {isa = PBXBuildFile; fileRef = 4AEDFE851FBFEA5B0071F4D8 /* extension+textfield.swift */; };
		4AEDFE8B1FBFF75D0071F4D8 /* Users.swift in Sources */ = {isa = PBXBuildFile; fileRef = 4AEDFE8A1FBFF75D0071F4D8 /* Users.swift */; };
		4AEDFE8D1FBFF8AD0071F4D8 /* LoginViewModel.swift in Sources */ = {isa = PBXBuildFile; fileRef = 4AEDFE8C1FBFF8AD0071F4D8 /* LoginViewModel.swift */; };
		4AEDFE901FC00A7B0071F4D8 /* extension+observer.swift in Sources */ = {isa = PBXBuildFile; fileRef = 4AEDFE8F1FC00A7B0071F4D8 /* extension+observer.swift */; };
		4AEDFE921FC06A3B0071F4D8 /* httpservers.swift in Sources */ = {isa = PBXBuildFile; fileRef = 4AEDFE911FC06A3B0071F4D8 /* httpservers.swift */; };
		4AEDFE941FC087440071F4D8 /* ActivityIndicator.swift in Sources */ = {isa = PBXBuildFile; fileRef = 4AEDFE931FC087440071F4D8 /* ActivityIndicator.swift */; };
		4AF6C8031F571D1F0059496B /* CitysView.swift in Sources */ = {isa = PBXBuildFile; fileRef = 4AF6C8021F571D1F0059496B /* CitysView.swift */; };
		4AF6C8051F5A98940059496B /* ScrollerCell.swift in Sources */ = {isa = PBXBuildFile; fileRef = 4AF6C8041F5A98940059496B /* ScrollerCell.swift */; };
		4AF6C80B1F5AEB880059496B /* ScrollerCell2.swift in Sources */ = {isa = PBXBuildFile; fileRef = 4AF6C80A1F5AEB880059496B /* ScrollerCell2.swift */; };
		4AFCCD621F9E490400E0E168 /* gifCell.swift in Sources */ = {isa = PBXBuildFile; fileRef = 4AFCCD611F9E490400E0E168 /* gifCell.swift */; };
		4AFCCD6A1FA3837000E0E168 /* emotion3.plist in Resources */ = {isa = PBXBuildFile; fileRef = 4AFCCD651FA37D8C00E0E168 /* emotion3.plist */; };
		4AFCCD6B1FA3837000E0E168 /* emotion3.bundle in Resources */ = {isa = PBXBuildFile; fileRef = 4AFCCD631FA37D7000E0E168 /* emotion3.bundle */; };
		4AFCCD721FA4AE8F00E0E168 /* replylist.plist in Resources */ = {isa = PBXBuildFile; fileRef = 4AFCCD711FA4AE8F00E0E168 /* replylist.plist */; };
		4AFF91A71F5C238400FE189F /* HeaderFoot.swift in Sources */ = {isa = PBXBuildFile; fileRef = 4AFF91A61F5C238400FE189F /* HeaderFoot.swift */; };
		4AFF91A91F5C338800FE189F /* JobDetailViewController.swift in Sources */ = {isa = PBXBuildFile; fileRef = 4AFF91A81F5C338800FE189F /* JobDetailViewController.swift */; };
		4AFF91B91F5DB8A900FE189F /* company.swift in Sources */ = {isa = PBXBuildFile; fileRef = 4AFF91B71F5DB8A900FE189F /* company.swift */; };
		4AFF91BA1F5DB8A900FE189F /* company.xib in Resources */ = {isa = PBXBuildFile; fileRef = 4AFF91B81F5DB8A900FE189F /* company.xib */; };
		4AFF91BD1F5DBD8D00FE189F /* JobDescription.swift in Sources */ = {isa = PBXBuildFile; fileRef = 4AFF91BB1F5DBD8D00FE189F /* JobDescription.swift */; };
		4AFF91BE1F5DBD8D00FE189F /* JobDescription.xib in Resources */ = {isa = PBXBuildFile; fileRef = 4AFF91BC1F5DBD8D00FE189F /* JobDescription.xib */; };
		4AFF91C11F5DC18000FE189F /* worklocate.swift in Sources */ = {isa = PBXBuildFile; fileRef = 4AFF91BF1F5DC18000FE189F /* worklocate.swift */; };
		4AFF91C21F5DC18000FE189F /* worklocate.xib in Resources */ = {isa = PBXBuildFile; fileRef = 4AFF91C01F5DC18000FE189F /* worklocate.xib */; };
		4AFF91C41F5EF40000FE189F /* mapApp.swift in Sources */ = {isa = PBXBuildFile; fileRef = 4AFF91C31F5EF40000FE189F /* mapApp.swift */; };
		4AFF91D51F60586600FE189F /* cdetails.swift in Sources */ = {isa = PBXBuildFile; fileRef = 4AFF91D41F60586600FE189F /* cdetails.swift */; };
		4AFF91D91F641A6200FE189F /* tagsTableViewCell.swift in Sources */ = {isa = PBXBuildFile; fileRef = 4AFF91D71F641A6200FE189F /* tagsTableViewCell.swift */; };
		4AFF91DA1F641A6200FE189F /* tagsTableViewCell.xib in Resources */ = {isa = PBXBuildFile; fileRef = 4AFF91D81F641A6200FE189F /* tagsTableViewCell.xib */; };
		4AFF91DD1F641A8000FE189F /* introduction.swift in Sources */ = {isa = PBXBuildFile; fileRef = 4AFF91DB1F641A8000FE189F /* introduction.swift */; };
		4AFF91DE1F641A8000FE189F /* introduction.xib in Resources */ = {isa = PBXBuildFile; fileRef = 4AFF91DC1F641A8000FE189F /* introduction.xib */; };
		4AFF91E11F641AA900FE189F /* others.swift in Sources */ = {isa = PBXBuildFile; fileRef = 4AFF91DF1F641AA900FE189F /* others.swift */; };
		4AFF91E21F641AA900FE189F /* others.xib in Resources */ = {isa = PBXBuildFile; fileRef = 4AFF91E01F641AA900FE189F /* others.xib */; };
		D1EC4964AE33F5F8C9864AAB /* Pods_internals.framework in Frameworks */ = {isa = PBXBuildFile; fileRef = 6E63353C953561B2E076FD4C /* Pods_internals.framework */; };
/* End PBXBuildFile section */

/* Begin PBXContainerItemProxy section */
		4ADCC7611F511DD3001A4E9F /* PBXContainerItemProxy */ = {
			isa = PBXContainerItemProxy;
			containerPortal = 4ADCC7441F511DD3001A4E9F /* Project object */;
			proxyType = 1;
			remoteGlobalIDString = 4ADCC74B1F511DD3001A4E9F;
			remoteInfo = internals;
		};
		4ADCC76C1F511DD3001A4E9F /* PBXContainerItemProxy */ = {
			isa = PBXContainerItemProxy;
			containerPortal = 4ADCC7441F511DD3001A4E9F /* Project object */;
			proxyType = 1;
			remoteGlobalIDString = 4ADCC74B1F511DD3001A4E9F;
			remoteInfo = internals;
		};
/* End PBXContainerItemProxy section */

/* Begin PBXFileReference section */
		4A208D8F1FC16F2500C1AA0B /* RxDataSources.framework */ = {isa = PBXFileReference; explicitFileType = wrapper.framework; path = RxDataSources.framework; sourceTree = BUILT_PRODUCTS_DIR; };
		4A2A2D031F65672B00F42123 /* JobTag.swift */ = {isa = PBXFileReference; fileEncoding = 4; lastKnownFileType = sourcecode.swift; path = JobTag.swift; sourceTree = "<group>"; };
		4A2A2D051F6578D800F42123 /* joblist.swift */ = {isa = PBXFileReference; fileEncoding = 4; lastKnownFileType = sourcecode.swift; path = joblist.swift; sourceTree = "<group>"; };
		4A2A2D061F6578D800F42123 /* joblist.xib */ = {isa = PBXFileReference; fileEncoding = 4; lastKnownFileType = file.xib; path = joblist.xib; sourceTree = "<group>"; };
		4A3224021F5160E50065A33F /* Alamofire.framework */ = {isa = PBXFileReference; lastKnownFileType = wrapper.framework; name = Alamofire.framework; path = "../../../../Library/Developer/Xcode/DerivedData/internals-fvfjoslaltdhlmclwrenlrxzczpm/Build/Products/Debug-iphonesimulator/Alamofire/Alamofire.framework"; sourceTree = "<group>"; };
		4A3224041F5160EA0065A33F /* SDAutoLayout.framework */ = {isa = PBXFileReference; lastKnownFileType = wrapper.framework; name = SDAutoLayout.framework; path = "Pods/../build/Debug-iphoneos/SDAutoLayout/SDAutoLayout.framework"; sourceTree = "<group>"; };
		4A3224061F5160ED0065A33F /* SwiftyJSON.framework */ = {isa = PBXFileReference; lastKnownFileType = wrapper.framework; name = SwiftyJSON.framework; path = "../../../../Library/Developer/Xcode/DerivedData/internals-fvfjoslaltdhlmclwrenlrxzczpm/Build/Products/Debug-iphonesimulator/SwiftyJSON/SwiftyJSON.framework"; sourceTree = "<group>"; };
		4A406B5E1FA4D3D900277AA0 /* PersonCardCell.swift */ = {isa = PBXFileReference; lastKnownFileType = sourcecode.swift; path = PersonCardCell.swift; sourceTree = "<group>"; };
		4A406B601FA4DB0A00277AA0 /* personCardBody.swift */ = {isa = PBXFileReference; lastKnownFileType = sourcecode.swift; path = personCardBody.swift; sourceTree = "<group>"; };
		4A406B641FA5772100277AA0 /* PickImageController.swift */ = {isa = PBXFileReference; lastKnownFileType = sourcecode.swift; path = PickImageController.swift; sourceTree = "<group>"; };
		4A406B661FA5834F00277AA0 /* ImageCell.swift */ = {isa = PBXFileReference; lastKnownFileType = sourcecode.swift; path = ImageCell.swift; sourceTree = "<group>"; };
		4A406B681FA58BDC00277AA0 /* ImageMessage.swift */ = {isa = PBXFileReference; lastKnownFileType = sourcecode.swift; path = ImageMessage.swift; sourceTree = "<group>"; };
		4A444ECA1F8A168B006AE83D /* searchRequest.pb.swift */ = {isa = PBXFileReference; fileEncoding = 4; lastKnownFileType = sourcecode.swift; name = searchRequest.pb.swift; path = ../../pbModel/searchRequest.pb.swift; sourceTree = "<group>"; };
		4A444ECC1F8E5121006AE83D /* friendsController.swift */ = {isa = PBXFileReference; lastKnownFileType = sourcecode.swift; path = friendsController.swift; sourceTree = "<group>"; };
		4A444ECE1F8E5789006AE83D /* contactlist.swift */ = {isa = PBXFileReference; lastKnownFileType = sourcecode.swift; path = contactlist.swift; sourceTree = "<group>"; };
		4A444ECF1F8E5789006AE83D /* contactlist.xib */ = {isa = PBXFileReference; lastKnownFileType = file.xib; path = contactlist.xib; sourceTree = "<group>"; };
		4A444ED21F8F9E44006AE83D /* Friends.swift */ = {isa = PBXFileReference; lastKnownFileType = sourcecode.swift; path = Friends.swift; sourceTree = "<group>"; };
		4A4523F11F5BABE1009D6B62 /* jobdetailCell.swift */ = {isa = PBXFileReference; fileEncoding = 4; lastKnownFileType = sourcecode.swift; path = jobdetailCell.swift; sourceTree = "<group>"; };
		4A5304DA1F527D090000F1E9 /* tool.swift */ = {isa = PBXFileReference; fileEncoding = 4; lastKnownFileType = sourcecode.swift; path = tool.swift; sourceTree = "<group>"; };
		4A5304E31F52A6ED0000F1E9 /* MainTabBarViewController.swift */ = {isa = PBXFileReference; fileEncoding = 4; lastKnownFileType = sourcecode.swift; path = MainTabBarViewController.swift; sourceTree = "<group>"; };
		4A5304E71F52A7720000F1E9 /* DashboardViewController.swift */ = {isa = PBXFileReference; fileEncoding = 4; lastKnownFileType = sourcecode.swift; path = DashboardViewController.swift; sourceTree = "<group>"; };
		4A5304E91F52FAD20000F1E9 /* demo.swift */ = {isa = PBXFileReference; fileEncoding = 4; lastKnownFileType = sourcecode.swift; path = demo.swift; sourceTree = "<group>"; };
		4A6BC22B1FC312A7002C17B6 /* RegistryViewModel.swift */ = {isa = PBXFileReference; lastKnownFileType = sourcecode.swift; path = RegistryViewModel.swift; sourceTree = "<group>"; };
		4A6BC22D1FC711EB002C17B6 /* ChangePasswordModeView.swift */ = {isa = PBXFileReference; lastKnownFileType = sourcecode.swift; path = ChangePasswordModeView.swift; sourceTree = "<group>"; };
		4A6BC22F1FC856D7002C17B6 /* PersonViewController.swift */ = {isa = PBXFileReference; lastKnownFileType = sourcecode.swift; path = PersonViewController.swift; sourceTree = "<group>"; };
		4A6BC2361FC86453002C17B6 /* config.swift */ = {isa = PBXFileReference; lastKnownFileType = sourcecode.swift; path = config.swift; sourceTree = "<group>"; };
		4A6BC2381FC926C5002C17B6 /* Jobs.swift */ = {isa = PBXFileReference; lastKnownFileType = sourcecode.swift; path = Jobs.swift; sourceTree = "<group>"; };
		4A6BC23A1FC92BA3002C17B6 /* mainPageViewModel.swift */ = {isa = PBXFileReference; lastKnownFileType = sourcecode.swift; path = mainPageViewModel.swift; sourceTree = "<group>"; };
		4A6BC23C1FC92C26002C17B6 /* mainPageHttpServer.swift */ = {isa = PBXFileReference; lastKnownFileType = sourcecode.swift; path = mainPageHttpServer.swift; sourceTree = "<group>"; };
		4A6BC2421FCB12A3002C17B6 /* Exhibition.swift */ = {isa = PBXFileReference; lastKnownFileType = sourcecode.swift; path = Exhibition.swift; sourceTree = "<group>"; };
		4A8D09A21FA59AEC00C0F7FB /* zh-Hans */ = {isa = PBXFileReference; lastKnownFileType = text.plist.strings; name = "zh-Hans"; path = "zh-Hans.lproj/Main.strings"; sourceTree = "<group>"; };
		4A8D09A31FA59AEC00C0F7FB /* zh-Hans */ = {isa = PBXFileReference; lastKnownFileType = text.plist.strings; name = "zh-Hans"; path = "zh-Hans.lproj/LaunchScreen.strings"; sourceTree = "<group>"; };
		4A8D09A41FA59C1B00C0F7FB /* zh-Hant */ = {isa = PBXFileReference; lastKnownFileType = text.plist.strings; name = "zh-Hant"; path = "zh-Hant.lproj/Main.strings"; sourceTree = "<group>"; };
		4A8D09A51FA59C1B00C0F7FB /* zh-Hant */ = {isa = PBXFileReference; lastKnownFileType = text.plist.strings; name = "zh-Hant"; path = "zh-Hant.lproj/LaunchScreen.strings"; sourceTree = "<group>"; };
		4A8D28BA1FD195C900FA983F /* utils.swift */ = {isa = PBXFileReference; lastKnownFileType = sourcecode.swift; path = utils.swift; sourceTree = "<group>"; };
		4A8D28BC1FD2734400FA983F /* extension+searchDelegate.swift */ = {isa = PBXFileReference; lastKnownFileType = sourcecode.swift; path = "extension+searchDelegate.swift"; sourceTree = "<group>"; };
		4A8D28BE1FD27A2F00FA983F /* extension+String.swift */ = {isa = PBXFileReference; lastKnownFileType = sourcecode.swift; path = "extension+String.swift"; sourceTree = "<group>"; };
		4A93C2B41F80AB900022E97B /* messageMain.swift */ = {isa = PBXFileReference; fileEncoding = 4; lastKnownFileType = sourcecode.swift; path = messageMain.swift; sourceTree = "<group>"; };
		4A93C2B61F80AC590022E97B /* messageItemCell.swift */ = {isa = PBXFileReference; fileEncoding = 4; lastKnownFileType = sourcecode.swift; path = messageItemCell.swift; sourceTree = "<group>"; };
		4A93C2B71F80AC590022E97B /* messageItemCell.xib */ = {isa = PBXFileReference; fileEncoding = 4; lastKnownFileType = file.xib; path = messageItemCell.xib; sourceTree = "<group>"; };
		4A93C2BA1F80CE5F0022E97B /* deliveredHistory.swift */ = {isa = PBXFileReference; fileEncoding = 4; lastKnownFileType = sourcecode.swift; path = deliveredHistory.swift; sourceTree = "<group>"; };
		4A93C2BC1F80CEAA0022E97B /* communication.swift */ = {isa = PBXFileReference; fileEncoding = 4; lastKnownFileType = sourcecode.swift; path = communication.swift; sourceTree = "<group>"; };
		4A93C2BE1F80CECB0022E97B /* relationship.swift */ = {isa = PBXFileReference; fileEncoding = 4; lastKnownFileType = sourcecode.swift; path = relationship.swift; sourceTree = "<group>"; };
		4A93C2C01F80CEF70022E97B /* recommendation.swift */ = {isa = PBXFileReference; fileEncoding = 4; lastKnownFileType = sourcecode.swift; path = recommendation.swift; sourceTree = "<group>"; };
		4A93C2C21F80CF080022E97B /* forumView.swift */ = {isa = PBXFileReference; fileEncoding = 4; lastKnownFileType = sourcecode.swift; path = forumView.swift; sourceTree = "<group>"; };
		4A93C2C51F8124930022E97B /* delivereddata.swift */ = {isa = PBXFileReference; fileEncoding = 4; lastKnownFileType = sourcecode.swift; path = delivereddata.swift; sourceTree = "<group>"; };
		4A93C2C71F8127810022E97B /* deliveredJobs.swift */ = {isa = PBXFileReference; fileEncoding = 4; lastKnownFileType = sourcecode.swift; path = deliveredJobs.swift; sourceTree = "<group>"; };
		4A93C2C81F8127810022E97B /* deliveredJobs.xib */ = {isa = PBXFileReference; fileEncoding = 4; lastKnownFileType = file.xib; path = deliveredJobs.xib; sourceTree = "<group>"; };
		4A93C2CB1F81FD330022E97B /* jobstatusView.swift */ = {isa = PBXFileReference; fileEncoding = 4; lastKnownFileType = sourcecode.swift; path = jobstatusView.swift; sourceTree = "<group>"; };
		4A93C2CD1F82292E0022E97B /* statustage.swift */ = {isa = PBXFileReference; fileEncoding = 4; lastKnownFileType = sourcecode.swift; path = statustage.swift; sourceTree = "<group>"; };
		4A93C2CE1F82292E0022E97B /* statustage.xib */ = {isa = PBXFileReference; fileEncoding = 4; lastKnownFileType = file.xib; path = statustage.xib; sourceTree = "<group>"; };
		4A93C2D31F834C030022E97B /* subscribleItem.swift */ = {isa = PBXFileReference; fileEncoding = 4; lastKnownFileType = sourcecode.swift; path = subscribleItem.swift; sourceTree = "<group>"; };
		4A93C2D71F834F2E0022E97B /* subjobitem.swift */ = {isa = PBXFileReference; fileEncoding = 4; lastKnownFileType = sourcecode.swift; path = subjobitem.swift; sourceTree = "<group>"; };
		4A93C2D81F834F2E0022E97B /* subjobitem.xib */ = {isa = PBXFileReference; fileEncoding = 4; lastKnownFileType = file.xib; path = subjobitem.xib; sourceTree = "<group>"; };
		4A93C2DB1F83574A0022E97B /* localData.swift */ = {isa = PBXFileReference; fileEncoding = 4; lastKnownFileType = sourcecode.swift; path = localData.swift; sourceTree = "<group>"; };
		4A93C2DD1F8359A20022E97B /* subconditions.swift */ = {isa = PBXFileReference; fileEncoding = 4; lastKnownFileType = sourcecode.swift; path = subconditions.swift; sourceTree = "<group>"; };
		4A93C2DF1F8369B10022E97B /* conditionCell.swift */ = {isa = PBXFileReference; fileEncoding = 4; lastKnownFileType = sourcecode.swift; path = conditionCell.swift; sourceTree = "<group>"; };
		4A93C2E01F8369B10022E97B /* conditionCell.xib */ = {isa = PBXFileReference; fileEncoding = 4; lastKnownFileType = file.xib; path = conditionCell.xib; sourceTree = "<group>"; };
		4A93C2E31F8788720022E97B /* editcondition.swift */ = {isa = PBXFileReference; fileEncoding = 4; lastKnownFileType = sourcecode.swift; path = editcondition.swift; sourceTree = "<group>"; };
		4A93C2E61F88B8E20022E97B /* client.swift */ = {isa = PBXFileReference; fileEncoding = 4; lastKnownFileType = sourcecode.swift; path = client.swift; sourceTree = "<group>"; };
		4A9CE3631F715B30002A8FD5 /* historyAndCatagoryView.swift */ = {isa = PBXFileReference; fileEncoding = 4; lastKnownFileType = sourcecode.swift; path = historyAndCatagoryView.swift; sourceTree = "<group>"; };
		4A9CE3651F715E37002A8FD5 /* dropMenu.swift */ = {isa = PBXFileReference; fileEncoding = 4; lastKnownFileType = sourcecode.swift; path = dropMenu.swift; sourceTree = "<group>"; };
		4A9CE3671F715F1D002A8FD5 /* JobClasses.swift */ = {isa = PBXFileReference; fileEncoding = 4; lastKnownFileType = sourcecode.swift; path = JobClasses.swift; sourceTree = "<group>"; };
		4A9CE3691F715F6E002A8FD5 /* internCondition.swift */ = {isa = PBXFileReference; fileEncoding = 4; lastKnownFileType = sourcecode.swift; path = internCondition.swift; sourceTree = "<group>"; };
		4A9CE36B1F716101002A8FD5 /* progressHUB.swift */ = {isa = PBXFileReference; fileEncoding = 4; lastKnownFileType = sourcecode.swift; path = progressHUB.swift; sourceTree = "<group>"; };
		4A9CE36E1F72C2E6002A8FD5 /* myextension.swift */ = {isa = PBXFileReference; fileEncoding = 4; lastKnownFileType = sourcecode.swift; path = myextension.swift; sourceTree = "<group>"; };
		4ABB986F1F9CDB2B00DD9AAB /* emotion2.bundle */ = {isa = PBXFileReference; lastKnownFileType = "wrapper.plug-in"; path = emotion2.bundle; sourceTree = "<group>"; };
		4ABB98791F9CDE3A00DD9AAB /* emotion2.plist */ = {isa = PBXFileReference; lastKnownFileType = text.plist.xml; path = emotion2.plist; sourceTree = "<group>"; };
		4ABB987A1F9CDE6000DD9AAB /* test.plist */ = {isa = PBXFileReference; lastKnownFileType = text.plist.xml; path = test.plist; sourceTree = "<group>"; };
		4AC056301F93B46C00D5B739 /* LXFChatHorizontalLayout.swift */ = {isa = PBXFileReference; lastKnownFileType = sourcecode.swift; path = LXFChatHorizontalLayout.swift; sourceTree = "<group>"; };
		4AC2D4FB1F89242E00EF0845 /* Security.framework */ = {isa = PBXFileReference; lastKnownFileType = wrapper.framework; name = Security.framework; path = System/Library/Frameworks/Security.framework; sourceTree = SDKROOT; };
		4AC2D4FD1F89243700EF0845 /* CFNetwork.framework */ = {isa = PBXFileReference; lastKnownFileType = wrapper.framework; name = CFNetwork.framework; path = System/Library/Frameworks/CFNetwork.framework; sourceTree = SDKROOT; };
		4AC2D4FF1F89244300EF0845 /* libicucore.tbd */ = {isa = PBXFileReference; lastKnownFileType = "sourcecode.text-based-dylib-definition"; name = libicucore.tbd; path = usr/lib/libicucore.tbd; sourceTree = SDKROOT; };
		4AC2D5011F89244C00EF0845 /* Foundation.framework */ = {isa = PBXFileReference; lastKnownFileType = wrapper.framework; name = Foundation.framework; path = System/Library/Frameworks/Foundation.framework; sourceTree = SDKROOT; };
		4AC2D5031F89257000EF0845 /* CocoaAsyncSocket.framework */ = {isa = PBXFileReference; lastKnownFileType = wrapper.framework; name = CocoaAsyncSocket.framework; path = "../../../../Library/Developer/Xcode/DerivedData/internals-fvfjoslaltdhlmclwrenlrxzczpm/Build/Products/Debug-iphonesimulator/CocoaAsyncSocket/CocoaAsyncSocket.framework"; sourceTree = "<group>"; };
		4AC2D5051F89257400EF0845 /* SocketRocket.framework */ = {isa = PBXFileReference; lastKnownFileType = wrapper.framework; name = SocketRocket.framework; path = "../../../../Library/Developer/Xcode/DerivedData/internals-fvfjoslaltdhlmclwrenlrxzczpm/Build/Products/Debug-iphonesimulator/SocketRocket/SocketRocket.framework"; sourceTree = "<group>"; };
		4ACBD6F41F76386D00A5FD23 /* baseSearchViewController.swift */ = {isa = PBXFileReference; fileEncoding = 4; lastKnownFileType = sourcecode.swift; path = baseSearchViewController.swift; sourceTree = "<group>"; };
		4ACBD6F61F77DE6C00A5FD23 /* Social.framework */ = {isa = PBXFileReference; lastKnownFileType = wrapper.framework; name = Social.framework; path = System/Library/Frameworks/Social.framework; sourceTree = SDKROOT; };
		4ACBD6FB1F77E8F500A5FD23 /* shareView.swift */ = {isa = PBXFileReference; fileEncoding = 4; lastKnownFileType = sourcecode.swift; path = shareView.swift; sourceTree = "<group>"; };
		4AD03AB71F9B45270077C15B /* InputTextView.swift */ = {isa = PBXFileReference; lastKnownFileType = sourcecode.swift; path = InputTextView.swift; sourceTree = "<group>"; };
		4AD03ABA1F9C7DD30077C15B /* GetChatEmotion.swift */ = {isa = PBXFileReference; lastKnownFileType = sourcecode.swift; path = GetChatEmotion.swift; sourceTree = "<group>"; };
		4ADADAAA1FA4C09400134AAE /* ReplyView.swift */ = {isa = PBXFileReference; lastKnownFileType = sourcecode.swift; path = ReplyView.swift; sourceTree = "<group>"; };
		4ADCC74C1F511DD3001A4E9F /* internals.app */ = {isa = PBXFileReference; explicitFileType = wrapper.application; includeInIndex = 0; path = internals.app; sourceTree = BUILT_PRODUCTS_DIR; };
		4ADCC74F1F511DD3001A4E9F /* AppDelegate.swift */ = {isa = PBXFileReference; lastKnownFileType = sourcecode.swift; path = AppDelegate.swift; sourceTree = "<group>"; };
		4ADCC7511F511DD3001A4E9F /* logViewController.swift */ = {isa = PBXFileReference; lastKnownFileType = sourcecode.swift; path = logViewController.swift; sourceTree = "<group>"; };
		4ADCC7541F511DD3001A4E9F /* Base */ = {isa = PBXFileReference; lastKnownFileType = file.storyboard; name = Base; path = Base.lproj/Main.storyboard; sourceTree = "<group>"; };
		4ADCC7561F511DD3001A4E9F /* Assets.xcassets */ = {isa = PBXFileReference; lastKnownFileType = folder.assetcatalog; path = Assets.xcassets; sourceTree = "<group>"; };
		4ADCC7591F511DD3001A4E9F /* Base */ = {isa = PBXFileReference; lastKnownFileType = file.storyboard; name = Base; path = Base.lproj/LaunchScreen.storyboard; sourceTree = "<group>"; };
		4ADCC75B1F511DD3001A4E9F /* Info.plist */ = {isa = PBXFileReference; lastKnownFileType = text.plist.xml; path = Info.plist; sourceTree = "<group>"; };
		4ADCC7601F511DD3001A4E9F /* internalsTests.xctest */ = {isa = PBXFileReference; explicitFileType = wrapper.cfbundle; includeInIndex = 0; path = internalsTests.xctest; sourceTree = BUILT_PRODUCTS_DIR; };
		4ADCC7641F511DD3001A4E9F /* internalsTests.swift */ = {isa = PBXFileReference; lastKnownFileType = sourcecode.swift; path = internalsTests.swift; sourceTree = "<group>"; };
		4ADCC7661F511DD3001A4E9F /* Info.plist */ = {isa = PBXFileReference; lastKnownFileType = text.plist.xml; path = Info.plist; sourceTree = "<group>"; };
		4ADCC76B1F511DD3001A4E9F /* internalsUITests.xctest */ = {isa = PBXFileReference; explicitFileType = wrapper.cfbundle; includeInIndex = 0; path = internalsUITests.xctest; sourceTree = BUILT_PRODUCTS_DIR; };
		4ADCC76F1F511DD3001A4E9F /* internalsUITests.swift */ = {isa = PBXFileReference; lastKnownFileType = sourcecode.swift; path = internalsUITests.swift; sourceTree = "<group>"; };
		4ADCC7711F511DD3001A4E9F /* Info.plist */ = {isa = PBXFileReference; lastKnownFileType = text.plist.xml; path = Info.plist; sourceTree = "<group>"; };
		4ADCC77D1F51251D001A4E9F /* LoginNavigationController.swift */ = {isa = PBXFileReference; fileEncoding = 4; lastKnownFileType = sourcecode.swift; path = LoginNavigationController.swift; sourceTree = "<group>"; };
		4ADCC7801F512880001A4E9F /* RegisterViewController.swift */ = {isa = PBXFileReference; fileEncoding = 4; lastKnownFileType = sourcecode.swift; path = RegisterViewController.swift; sourceTree = "<group>"; };
		4ADDDAB21F97ABA4001CB00F /* ChatEmotionView.swift */ = {isa = PBXFileReference; lastKnownFileType = sourcecode.swift; path = ChatEmotionView.swift; sourceTree = "<group>"; };
		4ADDDAB41F98EF84001CB00F /* ChatEmotionCell.swift */ = {isa = PBXFileReference; lastKnownFileType = sourcecode.swift; path = ChatEmotionCell.swift; sourceTree = "<group>"; };
		4ADDDAB71F98F054001CB00F /* MChatEmotion.swift */ = {isa = PBXFileReference; lastKnownFileType = sourcecode.swift; path = MChatEmotion.swift; sourceTree = "<group>"; };
		4ADDDABE1F98F735001CB00F /* test.bundle */ = {isa = PBXFileReference; lastKnownFileType = "wrapper.plug-in"; path = test.bundle; sourceTree = "<group>"; };
		4ADDDAD41F98F9B3001CB00F /* ChatEmotionHelper.swift */ = {isa = PBXFileReference; lastKnownFileType = sourcecode.swift; path = ChatEmotionHelper.swift; sourceTree = "<group>"; };
		4ADDDAD71F9B1EE3001CB00F /* ChatEmotionAttachment.swift */ = {isa = PBXFileReference; lastKnownFileType = sourcecode.swift; path = ChatEmotionAttachment.swift; sourceTree = "<group>"; };
		4ADDDADB1F9B40A8001CB00F /* ChatBarView.swift */ = {isa = PBXFileReference; lastKnownFileType = sourcecode.swift; path = ChatBarView.swift; sourceTree = "<group>"; };
		4ADDDADF1F9B426C001CB00F /* ChatMoreView.swift */ = {isa = PBXFileReference; lastKnownFileType = sourcecode.swift; path = ChatMoreView.swift; sourceTree = "<group>"; };
		4AE4AFC01F5131AE00B5F509 /* ForgetPasswordController.swift */ = {isa = PBXFileReference; fileEncoding = 4; lastKnownFileType = sourcecode.swift; path = ForgetPasswordController.swift; sourceTree = "<group>"; };
		4AE4AFC21F515E7500B5F509 /* bridge.h */ = {isa = PBXFileReference; lastKnownFileType = sourcecode.c.h; path = bridge.h; sourceTree = "<group>"; };
		4AE694C21F91D5BD005BE1F0 /* messageCell.swift */ = {isa = PBXFileReference; lastKnownFileType = sourcecode.swift; path = messageCell.swift; sourceTree = "<group>"; };
		4AE84EA31F5C108600649404 /* imageScroll.swift */ = {isa = PBXFileReference; fileEncoding = 4; lastKnownFileType = sourcecode.swift; path = imageScroll.swift; sourceTree = "<group>"; };
		4AEDFE851FBFEA5B0071F4D8 /* extension+textfield.swift */ = {isa = PBXFileReference; lastKnownFileType = sourcecode.swift; path = "extension+textfield.swift"; sourceTree = "<group>"; };
		4AEDFE8A1FBFF75D0071F4D8 /* Users.swift */ = {isa = PBXFileReference; lastKnownFileType = sourcecode.swift; path = Users.swift; sourceTree = "<group>"; };
		4AEDFE8C1FBFF8AD0071F4D8 /* LoginViewModel.swift */ = {isa = PBXFileReference; lastKnownFileType = sourcecode.swift; path = LoginViewModel.swift; sourceTree = "<group>"; };
		4AEDFE8F1FC00A7B0071F4D8 /* extension+observer.swift */ = {isa = PBXFileReference; lastKnownFileType = sourcecode.swift; path = "extension+observer.swift"; sourceTree = "<group>"; };
		4AEDFE911FC06A3B0071F4D8 /* httpservers.swift */ = {isa = PBXFileReference; lastKnownFileType = sourcecode.swift; path = httpservers.swift; sourceTree = "<group>"; };
		4AEDFE931FC087440071F4D8 /* ActivityIndicator.swift */ = {isa = PBXFileReference; lastKnownFileType = sourcecode.swift; path = ActivityIndicator.swift; sourceTree = "<group>"; };
		4AF6C8021F571D1F0059496B /* CitysView.swift */ = {isa = PBXFileReference; fileEncoding = 4; lastKnownFileType = sourcecode.swift; path = CitysView.swift; sourceTree = "<group>"; };
		4AF6C8041F5A98940059496B /* ScrollerCell.swift */ = {isa = PBXFileReference; fileEncoding = 4; lastKnownFileType = sourcecode.swift; path = ScrollerCell.swift; sourceTree = "<group>"; };
		4AF6C80A1F5AEB880059496B /* ScrollerCell2.swift */ = {isa = PBXFileReference; fileEncoding = 4; lastKnownFileType = sourcecode.swift; path = ScrollerCell2.swift; sourceTree = "<group>"; };
		4AFCCD611F9E490400E0E168 /* gifCell.swift */ = {isa = PBXFileReference; lastKnownFileType = sourcecode.swift; path = gifCell.swift; sourceTree = "<group>"; };
		4AFCCD631FA37D7000E0E168 /* emotion3.bundle */ = {isa = PBXFileReference; lastKnownFileType = "wrapper.plug-in"; path = emotion3.bundle; sourceTree = "<group>"; };
		4AFCCD651FA37D8C00E0E168 /* emotion3.plist */ = {isa = PBXFileReference; lastKnownFileType = text.plist.xml; path = emotion3.plist; sourceTree = "<group>"; };
		4AFCCD711FA4AE8F00E0E168 /* replylist.plist */ = {isa = PBXFileReference; lastKnownFileType = text.plist.xml; path = replylist.plist; sourceTree = "<group>"; };
		4AFF91A61F5C238400FE189F /* HeaderFoot.swift */ = {isa = PBXFileReference; fileEncoding = 4; lastKnownFileType = sourcecode.swift; path = HeaderFoot.swift; sourceTree = "<group>"; };
		4AFF91A81F5C338800FE189F /* JobDetailViewController.swift */ = {isa = PBXFileReference; fileEncoding = 4; lastKnownFileType = sourcecode.swift; path = JobDetailViewController.swift; sourceTree = "<group>"; };
		4AFF91B71F5DB8A900FE189F /* company.swift */ = {isa = PBXFileReference; fileEncoding = 4; lastKnownFileType = sourcecode.swift; path = company.swift; sourceTree = "<group>"; };
		4AFF91B81F5DB8A900FE189F /* company.xib */ = {isa = PBXFileReference; fileEncoding = 4; lastKnownFileType = file.xib; path = company.xib; sourceTree = "<group>"; };
		4AFF91BB1F5DBD8D00FE189F /* JobDescription.swift */ = {isa = PBXFileReference; fileEncoding = 4; lastKnownFileType = sourcecode.swift; path = JobDescription.swift; sourceTree = "<group>"; };
		4AFF91BC1F5DBD8D00FE189F /* JobDescription.xib */ = {isa = PBXFileReference; fileEncoding = 4; lastKnownFileType = file.xib; path = JobDescription.xib; sourceTree = "<group>"; };
		4AFF91BF1F5DC18000FE189F /* worklocate.swift */ = {isa = PBXFileReference; fileEncoding = 4; lastKnownFileType = sourcecode.swift; path = worklocate.swift; sourceTree = "<group>"; };
		4AFF91C01F5DC18000FE189F /* worklocate.xib */ = {isa = PBXFileReference; fileEncoding = 4; lastKnownFileType = file.xib; path = worklocate.xib; sourceTree = "<group>"; };
		4AFF91C31F5EF40000FE189F /* mapApp.swift */ = {isa = PBXFileReference; fileEncoding = 4; lastKnownFileType = sourcecode.swift; path = mapApp.swift; sourceTree = "<group>"; };
		4AFF91C51F5F0E9300FE189F /* internals.entitlements */ = {isa = PBXFileReference; lastKnownFileType = text.plist.entitlements; path = internals.entitlements; sourceTree = "<group>"; };
		4AFF91D41F60586600FE189F /* cdetails.swift */ = {isa = PBXFileReference; fileEncoding = 4; lastKnownFileType = sourcecode.swift; path = cdetails.swift; sourceTree = "<group>"; };
		4AFF91D71F641A6200FE189F /* tagsTableViewCell.swift */ = {isa = PBXFileReference; fileEncoding = 4; lastKnownFileType = sourcecode.swift; path = tagsTableViewCell.swift; sourceTree = "<group>"; };
		4AFF91D81F641A6200FE189F /* tagsTableViewCell.xib */ = {isa = PBXFileReference; fileEncoding = 4; lastKnownFileType = file.xib; path = tagsTableViewCell.xib; sourceTree = "<group>"; };
		4AFF91DB1F641A8000FE189F /* introduction.swift */ = {isa = PBXFileReference; fileEncoding = 4; lastKnownFileType = sourcecode.swift; path = introduction.swift; sourceTree = "<group>"; };
		4AFF91DC1F641A8000FE189F /* introduction.xib */ = {isa = PBXFileReference; fileEncoding = 4; lastKnownFileType = file.xib; path = introduction.xib; sourceTree = "<group>"; };
		4AFF91DF1F641AA900FE189F /* others.swift */ = {isa = PBXFileReference; fileEncoding = 4; lastKnownFileType = sourcecode.swift; path = others.swift; sourceTree = "<group>"; };
		4AFF91E01F641AA900FE189F /* others.xib */ = {isa = PBXFileReference; fileEncoding = 4; lastKnownFileType = file.xib; path = others.xib; sourceTree = "<group>"; };
		6E63353C953561B2E076FD4C /* Pods_internals.framework */ = {isa = PBXFileReference; explicitFileType = wrapper.framework; includeInIndex = 0; path = Pods_internals.framework; sourceTree = BUILT_PRODUCTS_DIR; };
		BA9E8A53CA89B7891A8B0201 /* Pods-internals.release.xcconfig */ = {isa = PBXFileReference; includeInIndex = 1; lastKnownFileType = text.xcconfig; name = "Pods-internals.release.xcconfig"; path = "Pods/Target Support Files/Pods-internals/Pods-internals.release.xcconfig"; sourceTree = "<group>"; };
		DB5827C0AD300F2CEAAB654F /* Pods-internals.debug.xcconfig */ = {isa = PBXFileReference; includeInIndex = 1; lastKnownFileType = text.xcconfig; name = "Pods-internals.debug.xcconfig"; path = "Pods/Target Support Files/Pods-internals/Pods-internals.debug.xcconfig"; sourceTree = "<group>"; };
/* End PBXFileReference section */

/* Begin PBXFrameworksBuildPhase section */
		4ADCC7491F511DD3001A4E9F /* Frameworks */ = {
			isa = PBXFrameworksBuildPhase;
			buildActionMask = 2147483647;
			files = (
				4AC2D5061F89257400EF0845 /* SocketRocket.framework in Frameworks */,
				4AC2D5021F89244C00EF0845 /* Foundation.framework in Frameworks */,
				4AC2D5001F89244300EF0845 /* libicucore.tbd in Frameworks */,
				4AC2D4FE1F89243700EF0845 /* CFNetwork.framework in Frameworks */,
				4AC2D4FC1F89242E00EF0845 /* Security.framework in Frameworks */,
				4ACBD6F71F77DE6C00A5FD23 /* Social.framework in Frameworks */,
				4A3224071F5160ED0065A33F /* SwiftyJSON.framework in Frameworks */,
				4A3224051F5160EA0065A33F /* SDAutoLayout.framework in Frameworks */,
				4A3224031F5160E50065A33F /* Alamofire.framework in Frameworks */,
				D1EC4964AE33F5F8C9864AAB /* Pods_internals.framework in Frameworks */,
			);
			runOnlyForDeploymentPostprocessing = 0;
		};
		4ADCC75D1F511DD3001A4E9F /* Frameworks */ = {
			isa = PBXFrameworksBuildPhase;
			buildActionMask = 2147483647;
			files = (
			);
			runOnlyForDeploymentPostprocessing = 0;
		};
		4ADCC7681F511DD3001A4E9F /* Frameworks */ = {
			isa = PBXFrameworksBuildPhase;
			buildActionMask = 2147483647;
			files = (
			);
			runOnlyForDeploymentPostprocessing = 0;
		};
/* End PBXFrameworksBuildPhase section */

/* Begin PBXGroup section */
		4A444EC91F8A166A006AE83D /* protobuf */ = {
			isa = PBXGroup;
			children = (
				4A444ECA1F8A168B006AE83D /* searchRequest.pb.swift */,
			);
			name = protobuf;
			sourceTree = "<group>";
		};
		4A50F8091FC1E53000011AA5 /* tools */ = {
			isa = PBXGroup;
			children = (
				4A5304DA1F527D090000F1E9 /* tool.swift */,
			);
			name = tools;
			sourceTree = "<group>";
		};
		4A5304D91F527CF10000F1E9 /* common */ = {
			isa = PBXGroup;
			children = (
				4A444EC91F8A166A006AE83D /* protobuf */,
				4A93C2C41F8124810022E97B /* datas */,
				4A9CE36D1F72C2B3002A8FD5 /* utils */,
				4A9CE3621F715AE0002A8FD5 /* searchs */,
				4AF6C8041F5A98940059496B /* ScrollerCell.swift */,
				4AF6C80A1F5AEB880059496B /* ScrollerCell2.swift */,
				4A4523F11F5BABE1009D6B62 /* jobdetailCell.swift */,
				4AE84EA31F5C108600649404 /* imageScroll.swift */,
				4AFF91A61F5C238400FE189F /* HeaderFoot.swift */,
				4AFF91C31F5EF40000FE189F /* mapApp.swift */,
				4A9CE36B1F716101002A8FD5 /* progressHUB.swift */,
				4ACBD6FA1F77E76D00A5FD23 /* ChatBar */,
			);
			name = common;
			sourceTree = "<group>";
		};
		4A5304DC1F52A3E10000F1E9 /* 板块 */ = {
			isa = PBXGroup;
			children = (
				4A5304E01F52A4770000F1E9 /* 我 */,
				4A5304DF1F52A4420000F1E9 /* 面试 */,
				4A5304DE1F52A42B0000F1E9 /* 消息 */,
				4A5304DD1F52A4180000F1E9 /* 主页 */,
				4A5304E31F52A6ED0000F1E9 /* MainTabBarViewController.swift */,
			);
			name = "板块";
			sourceTree = "<group>";
		};
		4A5304DD1F52A4180000F1E9 /* 主页 */ = {
			isa = PBXGroup;
			children = (
				4A6BC2311FC861DD002C17B6 /* 主界面 */,
				4AFF91D61F641A1600FE189F /* companyCell */,
				4A5304E91F52FAD20000F1E9 /* demo.swift */,
				4AF6C8021F571D1F0059496B /* CitysView.swift */,
				4AFF91A81F5C338800FE189F /* JobDetailViewController.swift */,
				4AFF91D41F60586600FE189F /* cdetails.swift */,
			);
			name = "主页";
			sourceTree = "<group>";
		};
		4A5304DE1F52A42B0000F1E9 /* 消息 */ = {
			isa = PBXGroup;
			children = (
				4AE694C21F91D5BD005BE1F0 /* messageCell.swift */,
				4A93C2B41F80AB900022E97B /* messageMain.swift */,
				4A93C2BA1F80CE5F0022E97B /* deliveredHistory.swift */,
				4A93C2BC1F80CEAA0022E97B /* communication.swift */,
				4A93C2BE1F80CECB0022E97B /* relationship.swift */,
				4A93C2C01F80CEF70022E97B /* recommendation.swift */,
				4A93C2C21F80CF080022E97B /* forumView.swift */,
				4A93C2CB1F81FD330022E97B /* jobstatusView.swift */,
				4A93C2D31F834C030022E97B /* subscribleItem.swift */,
				4A93C2DD1F8359A20022E97B /* subconditions.swift */,
				4A93C2E31F8788720022E97B /* editcondition.swift */,
				4A444ECC1F8E5121006AE83D /* friendsController.swift */,
			);
			name = "消息";
			sourceTree = "<group>";
		};
		4A5304DF1F52A4420000F1E9 /* 面试 */ = {
			isa = PBXGroup;
			children = (
			);
			name = "面试";
			sourceTree = "<group>";
		};
		4A5304E01F52A4770000F1E9 /* 我 */ = {
			isa = PBXGroup;
			children = (
				4A6BC22F1FC856D7002C17B6 /* PersonViewController.swift */,
			);
			name = "我";
			sourceTree = "<group>";
		};
		4A6BC2311FC861DD002C17B6 /* 主界面 */ = {
			isa = PBXGroup;
			children = (
				4A8D28B41FD190FF00FA983F /* 搜索 */,
				4A6BC2341FC8623A002C17B6 /* ViewModel */,
				4A6BC2331FC86233002C17B6 /* Model */,
				4A6BC2321FC86218002C17B6 /* View+Controller */,
			);
			name = "主界面";
			sourceTree = "<group>";
		};
		4A6BC2321FC86218002C17B6 /* View+Controller */ = {
			isa = PBXGroup;
			children = (
				4A5304E71F52A7720000F1E9 /* DashboardViewController.swift */,
			);
			name = "View+Controller";
			sourceTree = "<group>";
		};
		4A6BC2331FC86233002C17B6 /* Model */ = {
			isa = PBXGroup;
			children = (
				4A6BC2381FC926C5002C17B6 /* Jobs.swift */,
				4A6BC2421FCB12A3002C17B6 /* Exhibition.swift */,
			);
			name = Model;
			sourceTree = "<group>";
		};
		4A6BC2341FC8623A002C17B6 /* ViewModel */ = {
			isa = PBXGroup;
			children = (
				4A6BC23A1FC92BA3002C17B6 /* mainPageViewModel.swift */,
				4A6BC23C1FC92C26002C17B6 /* mainPageHttpServer.swift */,
			);
			name = ViewModel;
			sourceTree = "<group>";
		};
		4A6BC2351FC86446002C17B6 /* config */ = {
			isa = PBXGroup;
			children = (
				4A6BC2361FC86453002C17B6 /* config.swift */,
			);
			name = config;
			sourceTree = "<group>";
		};
		4A8D28B41FD190FF00FA983F /* 搜索 */ = {
			isa = PBXGroup;
			children = (
				4A8D28B71FD1912800FA983F /* ViewModel */,
				4A8D28B61FD1911F00FA983F /* Models */,
				4A8D28B51FD1910D00FA983F /* View+Controllers */,
			);
			name = "搜索";
			sourceTree = "<group>";
		};
		4A8D28B51FD1910D00FA983F /* View+Controllers */ = {
			isa = PBXGroup;
			children = (
				4ACBD6F41F76386D00A5FD23 /* baseSearchViewController.swift */,
			);
			name = "View+Controllers";
			sourceTree = "<group>";
		};
		4A8D28B61FD1911F00FA983F /* Models */ = {
			isa = PBXGroup;
			children = (
			);
			name = Models;
			sourceTree = "<group>";
		};
		4A8D28B71FD1912800FA983F /* ViewModel */ = {
			isa = PBXGroup;
			children = (
			);
			name = ViewModel;
			sourceTree = "<group>";
		};
		4A8D28B91FD195B600FA983F /* tools */ = {
			isa = PBXGroup;
			children = (
				4A8D28BA1FD195C900FA983F /* utils.swift */,
			);
			name = tools;
			sourceTree = "<group>";
		};
		4A93C2C41F8124810022E97B /* datas */ = {
			isa = PBXGroup;
			children = (
				4A93C2C51F8124930022E97B /* delivereddata.swift */,
				4A444ED21F8F9E44006AE83D /* Friends.swift */,
			);
			name = datas;
			sourceTree = "<group>";
		};
		4A93C2E51F88B8C90022E97B /* socketim */ = {
			isa = PBXGroup;
			children = (
				4A93C2E61F88B8E20022E97B /* client.swift */,
			);
			name = socketim;
			sourceTree = "<group>";
		};
		4A9CE3621F715AE0002A8FD5 /* searchs */ = {
			isa = PBXGroup;
			children = (
				4A9CE3631F715B30002A8FD5 /* historyAndCatagoryView.swift */,
				4A9CE3651F715E37002A8FD5 /* dropMenu.swift */,
				4A9CE3671F715F1D002A8FD5 /* JobClasses.swift */,
				4A9CE3691F715F6E002A8FD5 /* internCondition.swift */,
			);
			name = searchs;
			sourceTree = "<group>";
		};
		4A9CE36D1F72C2B3002A8FD5 /* utils */ = {
			isa = PBXGroup;
			children = (
				4A9CE36E1F72C2E6002A8FD5 /* myextension.swift */,
				4A93C2DB1F83574A0022E97B /* localData.swift */,
				4ADDDAD71F9B1EE3001CB00F /* ChatEmotionAttachment.swift */,
			);
			name = utils;
			sourceTree = "<group>";
		};
		4ACBD6FA1F77E76D00A5FD23 /* ChatBar */ = {
			isa = PBXGroup;
			children = (
				4ADDDADA1F9B3F6E001CB00F /* Controller */,
				4ADDDAD91F9B3F68001CB00F /* View */,
				4ADDDAB61F98F021001CB00F /* model */,
				4ACBD6FB1F77E8F500A5FD23 /* shareView.swift */,
				4ADDDABD1F98F706001CB00F /* emotions */,
				4AD03AB91F9C7DA60077C15B /* help */,
			);
			name = ChatBar;
			sourceTree = "<group>";
		};
		4AD03AB91F9C7DA60077C15B /* help */ = {
			isa = PBXGroup;
			children = (
				4ADDDAD41F98F9B3001CB00F /* ChatEmotionHelper.swift */,
				4AD03ABA1F9C7DD30077C15B /* GetChatEmotion.swift */,
			);
			name = help;
			sourceTree = "<group>";
		};
		4ADCC7431F511DD3001A4E9F = {
			isa = PBXGroup;
			children = (
				4ADCC74E1F511DD3001A4E9F /* internals */,
				4ADCC7631F511DD3001A4E9F /* internalsTests */,
				4ADCC76E1F511DD3001A4E9F /* internalsUITests */,
				4ADCC74D1F511DD3001A4E9F /* Products */,
				BC3069108A8CDB09E794C1EF /* Pods */,
				AA98FC2D7A11ED39791D94FD /* Frameworks */,
			);
			sourceTree = "<group>";
		};
		4ADCC74D1F511DD3001A4E9F /* Products */ = {
			isa = PBXGroup;
			children = (
				4ADCC74C1F511DD3001A4E9F /* internals.app */,
				4ADCC7601F511DD3001A4E9F /* internalsTests.xctest */,
				4ADCC76B1F511DD3001A4E9F /* internalsUITests.xctest */,
			);
			name = Products;
			sourceTree = "<group>";
		};
		4ADCC74E1F511DD3001A4E9F /* internals */ = {
			isa = PBXGroup;
			children = (
				4A8D28B91FD195B600FA983F /* tools */,
				4A6BC2351FC86446002C17B6 /* config */,
				4AEDFE841FBFE78A0071F4D8 /* extension */,
				4AFF91C51F5F0E9300FE189F /* internals.entitlements */,
				4A93C2E51F88B8C90022E97B /* socketim */,
				4A5304DC1F52A3E10000F1E9 /* 板块 */,
				4A5304D91F527CF10000F1E9 /* common */,
				4ADCC77F1F512529001A4E9F /* 登录 */,
				4ADCC74F1F511DD3001A4E9F /* AppDelegate.swift */,
				4ADCC7531F511DD3001A4E9F /* Main.storyboard */,
				4ADCC7561F511DD3001A4E9F /* Assets.xcassets */,
				4ADCC7581F511DD3001A4E9F /* LaunchScreen.storyboard */,
				4ADCC75B1F511DD3001A4E9F /* Info.plist */,
				4AE4AFC21F515E7500B5F509 /* bridge.h */,
				4AFF91AC1F5DAB8600FE189F /* nibs */,
			);
			path = internals;
			sourceTree = "<group>";
		};
		4ADCC7631F511DD3001A4E9F /* internalsTests */ = {
			isa = PBXGroup;
			children = (
				4ADCC7641F511DD3001A4E9F /* internalsTests.swift */,
				4ADCC7661F511DD3001A4E9F /* Info.plist */,
			);
			path = internalsTests;
			sourceTree = "<group>";
		};
		4ADCC76E1F511DD3001A4E9F /* internalsUITests */ = {
			isa = PBXGroup;
			children = (
				4ADCC76F1F511DD3001A4E9F /* internalsUITests.swift */,
				4ADCC7711F511DD3001A4E9F /* Info.plist */,
			);
			path = internalsUITests;
			sourceTree = "<group>";
		};
		4ADCC77F1F512529001A4E9F /* 登录 */ = {
			isa = PBXGroup;
			children = (
				4A50F8091FC1E53000011AA5 /* tools */,
				4AEDFE891FBFF2C80071F4D8 /* ViewModels */,
				4AEDFE881FBFF2C00071F4D8 /* Model */,
				4AEDFE871FBFF2A40071F4D8 /* View+Controller */,
			);
			name = "登录";
			sourceTree = "<group>";
		};
		4ADDDAB61F98F021001CB00F /* model */ = {
			isa = PBXGroup;
			children = (
				4ADDDAB71F98F054001CB00F /* MChatEmotion.swift */,
				4A406B601FA4DB0A00277AA0 /* personCardBody.swift */,
				4A406B681FA58BDC00277AA0 /* ImageMessage.swift */,
			);
			name = model;
			sourceTree = "<group>";
		};
		4ADDDABD1F98F706001CB00F /* emotions */ = {
			isa = PBXGroup;
			children = (
				4AFCCD651FA37D8C00E0E168 /* emotion3.plist */,
				4ABB987A1F9CDE6000DD9AAB /* test.plist */,
				4ABB98791F9CDE3A00DD9AAB /* emotion2.plist */,
				4ABB986F1F9CDB2B00DD9AAB /* emotion2.bundle */,
				4ADDDABE1F98F735001CB00F /* test.bundle */,
				4AFCCD631FA37D7000E0E168 /* emotion3.bundle */,
			);
			name = emotions;
			sourceTree = "<group>";
		};
		4ADDDAD91F9B3F68001CB00F /* View */ = {
			isa = PBXGroup;
			children = (
				4AFCCD6C1FA4ABBE00E0E168 /* moreSubViews */,
				4AC056301F93B46C00D5B739 /* LXFChatHorizontalLayout.swift */,
				4ADDDAB41F98EF84001CB00F /* ChatEmotionCell.swift */,
				4ADDDAB21F97ABA4001CB00F /* ChatEmotionView.swift */,
				4ADDDADB1F9B40A8001CB00F /* ChatBarView.swift */,
				4ADDDADF1F9B426C001CB00F /* ChatMoreView.swift */,
				4AD03AB71F9B45270077C15B /* InputTextView.swift */,
				4AFCCD611F9E490400E0E168 /* gifCell.swift */,
			);
			name = View;
			sourceTree = "<group>";
		};
		4ADDDADA1F9B3F6E001CB00F /* Controller */ = {
			isa = PBXGroup;
			children = (
				4A406B641FA5772100277AA0 /* PickImageController.swift */,
			);
			name = Controller;
			sourceTree = "<group>";
		};
		4AEDFE841FBFE78A0071F4D8 /* extension */ = {
			isa = PBXGroup;
			children = (
				4AEDFE851FBFEA5B0071F4D8 /* extension+textfield.swift */,
				4AEDFE8F1FC00A7B0071F4D8 /* extension+observer.swift */,
				4AEDFE931FC087440071F4D8 /* ActivityIndicator.swift */,
				4A8D28BC1FD2734400FA983F /* extension+searchDelegate.swift */,
				4A8D28BE1FD27A2F00FA983F /* extension+String.swift */,
			);
			name = extension;
			sourceTree = "<group>";
		};
		4AEDFE871FBFF2A40071F4D8 /* View+Controller */ = {
			isa = PBXGroup;
			children = (
				4AE4AFC01F5131AE00B5F509 /* ForgetPasswordController.swift */,
				4ADCC7801F512880001A4E9F /* RegisterViewController.swift */,
				4ADCC77D1F51251D001A4E9F /* LoginNavigationController.swift */,
				4ADCC7511F511DD3001A4E9F /* logViewController.swift */,
			);
			name = "View+Controller";
			sourceTree = "<group>";
		};
		4AEDFE881FBFF2C00071F4D8 /* Model */ = {
			isa = PBXGroup;
			children = (
				4AEDFE8A1FBFF75D0071F4D8 /* Users.swift */,
			);
			name = Model;
			sourceTree = "<group>";
		};
		4AEDFE891FBFF2C80071F4D8 /* ViewModels */ = {
			isa = PBXGroup;
			children = (
				4AEDFE8C1FBFF8AD0071F4D8 /* LoginViewModel.swift */,
				4AEDFE911FC06A3B0071F4D8 /* httpservers.swift */,
				4A6BC22B1FC312A7002C17B6 /* RegistryViewModel.swift */,
				4A6BC22D1FC711EB002C17B6 /* ChangePasswordModeView.swift */,
			);
			name = ViewModels;
			sourceTree = "<group>";
		};
		4AFCCD6C1FA4ABBE00E0E168 /* moreSubViews */ = {
			isa = PBXGroup;
			children = (
				4AFCCD711FA4AE8F00E0E168 /* replylist.plist */,
				4ADADAAA1FA4C09400134AAE /* ReplyView.swift */,
				4A406B5E1FA4D3D900277AA0 /* PersonCardCell.swift */,
				4A406B661FA5834F00277AA0 /* ImageCell.swift */,
			);
			name = moreSubViews;
			sourceTree = "<group>";
		};
		4AFF91AC1F5DAB8600FE189F /* nibs */ = {
			isa = PBXGroup;
			children = (
				4AFF91B71F5DB8A900FE189F /* company.swift */,
				4AFF91B81F5DB8A900FE189F /* company.xib */,
				4AFF91BB1F5DBD8D00FE189F /* JobDescription.swift */,
				4AFF91BC1F5DBD8D00FE189F /* JobDescription.xib */,
				4AFF91BF1F5DC18000FE189F /* worklocate.swift */,
				4AFF91C01F5DC18000FE189F /* worklocate.xib */,
				4A93C2B61F80AC590022E97B /* messageItemCell.swift */,
				4A93C2B71F80AC590022E97B /* messageItemCell.xib */,
				4A93C2C71F8127810022E97B /* deliveredJobs.swift */,
				4A93C2C81F8127810022E97B /* deliveredJobs.xib */,
				4A93C2CD1F82292E0022E97B /* statustage.swift */,
				4A93C2CE1F82292E0022E97B /* statustage.xib */,
				4A93C2D71F834F2E0022E97B /* subjobitem.swift */,
				4A93C2D81F834F2E0022E97B /* subjobitem.xib */,
				4A93C2DF1F8369B10022E97B /* conditionCell.swift */,
				4A93C2E01F8369B10022E97B /* conditionCell.xib */,
				4A444ECE1F8E5789006AE83D /* contactlist.swift */,
				4A444ECF1F8E5789006AE83D /* contactlist.xib */,
			);
			name = nibs;
			sourceTree = "<group>";
		};
		4AFF91D61F641A1600FE189F /* companyCell */ = {
			isa = PBXGroup;
			children = (
				4AFF91D71F641A6200FE189F /* tagsTableViewCell.swift */,
				4AFF91D81F641A6200FE189F /* tagsTableViewCell.xib */,
				4AFF91DB1F641A8000FE189F /* introduction.swift */,
				4AFF91DC1F641A8000FE189F /* introduction.xib */,
				4AFF91DF1F641AA900FE189F /* others.swift */,
				4AFF91E01F641AA900FE189F /* others.xib */,
				4A2A2D031F65672B00F42123 /* JobTag.swift */,
				4A2A2D051F6578D800F42123 /* joblist.swift */,
				4A2A2D061F6578D800F42123 /* joblist.xib */,
			);
			name = companyCell;
			sourceTree = "<group>";
		};
		AA98FC2D7A11ED39791D94FD /* Frameworks */ = {
			isa = PBXGroup;
			children = (
				4A208D8F1FC16F2500C1AA0B /* RxDataSources.framework */,
				4AC2D5051F89257400EF0845 /* SocketRocket.framework */,
				4AC2D5031F89257000EF0845 /* CocoaAsyncSocket.framework */,
				4AC2D5011F89244C00EF0845 /* Foundation.framework */,
				4AC2D4FF1F89244300EF0845 /* libicucore.tbd */,
				4AC2D4FD1F89243700EF0845 /* CFNetwork.framework */,
				4AC2D4FB1F89242E00EF0845 /* Security.framework */,
				4ACBD6F61F77DE6C00A5FD23 /* Social.framework */,
				4A3224061F5160ED0065A33F /* SwiftyJSON.framework */,
				4A3224041F5160EA0065A33F /* SDAutoLayout.framework */,
				4A3224021F5160E50065A33F /* Alamofire.framework */,
				6E63353C953561B2E076FD4C /* Pods_internals.framework */,
			);
			name = Frameworks;
			sourceTree = "<group>";
		};
		BC3069108A8CDB09E794C1EF /* Pods */ = {
			isa = PBXGroup;
			children = (
				DB5827C0AD300F2CEAAB654F /* Pods-internals.debug.xcconfig */,
				BA9E8A53CA89B7891A8B0201 /* Pods-internals.release.xcconfig */,
			);
			name = Pods;
			sourceTree = "<group>";
		};
/* End PBXGroup section */

/* Begin PBXNativeTarget section */
		4ADCC74B1F511DD3001A4E9F /* internals */ = {
			isa = PBXNativeTarget;
			buildConfigurationList = 4ADCC7741F511DD3001A4E9F /* Build configuration list for PBXNativeTarget "internals" */;
			buildPhases = (
				CC110E195A207F046B10BE29 /* [CP] Check Pods Manifest.lock */,
				4ADCC7481F511DD3001A4E9F /* Sources */,
				4ADCC7491F511DD3001A4E9F /* Frameworks */,
				4ADCC74A1F511DD3001A4E9F /* Resources */,
				D0038F04F21896170FC4089A /* [CP] Embed Pods Frameworks */,
				BD365D4BD5F47BDCF09AAAFE /* [CP] Copy Pods Resources */,
			);
			buildRules = (
			);
			dependencies = (
			);
			name = internals;
			productName = internals;
			productReference = 4ADCC74C1F511DD3001A4E9F /* internals.app */;
			productType = "com.apple.product-type.application";
		};
		4ADCC75F1F511DD3001A4E9F /* internalsTests */ = {
			isa = PBXNativeTarget;
			buildConfigurationList = 4ADCC7771F511DD3001A4E9F /* Build configuration list for PBXNativeTarget "internalsTests" */;
			buildPhases = (
				4ADCC75C1F511DD3001A4E9F /* Sources */,
				4ADCC75D1F511DD3001A4E9F /* Frameworks */,
				4ADCC75E1F511DD3001A4E9F /* Resources */,
			);
			buildRules = (
			);
			dependencies = (
				4ADCC7621F511DD3001A4E9F /* PBXTargetDependency */,
			);
			name = internalsTests;
			productName = internalsTests;
			productReference = 4ADCC7601F511DD3001A4E9F /* internalsTests.xctest */;
			productType = "com.apple.product-type.bundle.unit-test";
		};
		4ADCC76A1F511DD3001A4E9F /* internalsUITests */ = {
			isa = PBXNativeTarget;
			buildConfigurationList = 4ADCC77A1F511DD3001A4E9F /* Build configuration list for PBXNativeTarget "internalsUITests" */;
			buildPhases = (
				4ADCC7671F511DD3001A4E9F /* Sources */,
				4ADCC7681F511DD3001A4E9F /* Frameworks */,
				4ADCC7691F511DD3001A4E9F /* Resources */,
			);
			buildRules = (
			);
			dependencies = (
				4ADCC76D1F511DD3001A4E9F /* PBXTargetDependency */,
			);
			name = internalsUITests;
			productName = internalsUITests;
			productReference = 4ADCC76B1F511DD3001A4E9F /* internalsUITests.xctest */;
			productType = "com.apple.product-type.bundle.ui-testing";
		};
/* End PBXNativeTarget section */

/* Begin PBXProject section */
		4ADCC7441F511DD3001A4E9F /* Project object */ = {
			isa = PBXProject;
			attributes = {
				LastSwiftUpdateCheck = 0830;
				LastUpgradeCheck = 0900;
				ORGANIZATIONNAME = lk;
				TargetAttributes = {
					4ADCC74B1F511DD3001A4E9F = {
						CreatedOnToolsVersion = 8.3.3;
						DevelopmentTeam = C2S64LJ4ZF;
						ProvisioningStyle = Automatic;
						SystemCapabilities = {
							com.apple.Keychain = {
								enabled = 1;
							};
						};
					};
					4ADCC75F1F511DD3001A4E9F = {
						CreatedOnToolsVersion = 8.3.3;
						DevelopmentTeam = C2S64LJ4ZF;
						ProvisioningStyle = Automatic;
						TestTargetID = 4ADCC74B1F511DD3001A4E9F;
					};
					4ADCC76A1F511DD3001A4E9F = {
						CreatedOnToolsVersion = 8.3.3;
						DevelopmentTeam = C2S64LJ4ZF;
						ProvisioningStyle = Automatic;
						TestTargetID = 4ADCC74B1F511DD3001A4E9F;
					};
				};
			};
			buildConfigurationList = 4ADCC7471F511DD3001A4E9F /* Build configuration list for PBXProject "internals" */;
			compatibilityVersion = "Xcode 3.2";
			developmentRegion = English;
			hasScannedForEncodings = 0;
			knownRegions = (
				en,
				Base,
			);
			mainGroup = 4ADCC7431F511DD3001A4E9F;
			productRefGroup = 4ADCC74D1F511DD3001A4E9F /* Products */;
			projectDirPath = "";
			projectRoot = "";
			targets = (
				4ADCC74B1F511DD3001A4E9F /* internals */,
				4ADCC75F1F511DD3001A4E9F /* internalsTests */,
				4ADCC76A1F511DD3001A4E9F /* internalsUITests */,
			);
		};
/* End PBXProject section */

/* Begin PBXResourcesBuildPhase section */
		4ADCC74A1F511DD3001A4E9F /* Resources */ = {
			isa = PBXResourcesBuildPhase;
			buildActionMask = 2147483647;
			files = (
				4AFCCD6A1FA3837000E0E168 /* emotion3.plist in Resources */,
				4AFCCD6B1FA3837000E0E168 /* emotion3.bundle in Resources */,
				4ABB987B1F9CDE8E00DD9AAB /* test.plist in Resources */,
				4ABB987C1F9CDE8E00DD9AAB /* emotion2.plist in Resources */,
				4ABB98751F9CDB5300DD9AAB /* emotion2.bundle in Resources */,
				4ABB98781F9CDB5300DD9AAB /* test.bundle in Resources */,
				4ADCC75A1F511DD3001A4E9F /* LaunchScreen.storyboard in Resources */,
				4A2A2D081F6578D800F42123 /* joblist.xib in Resources */,
				4A93C2E21F8369B10022E97B /* conditionCell.xib in Resources */,
				4A93C2B91F80AC590022E97B /* messageItemCell.xib in Resources */,
				4AFCCD721FA4AE8F00E0E168 /* replylist.plist in Resources */,
				4AFF91BE1F5DBD8D00FE189F /* JobDescription.xib in Resources */,
				4A93C2CA1F8127810022E97B /* deliveredJobs.xib in Resources */,
				4A93C2DA1F834F2E0022E97B /* subjobitem.xib in Resources */,
				4ADCC7571F511DD3001A4E9F /* Assets.xcassets in Resources */,
				4A444ED11F8E5789006AE83D /* contactlist.xib in Resources */,
				4A93C2D01F82292E0022E97B /* statustage.xib in Resources */,
				4AFF91DE1F641A8000FE189F /* introduction.xib in Resources */,
				4ADCC7551F511DD3001A4E9F /* Main.storyboard in Resources */,
				4AFF91C21F5DC18000FE189F /* worklocate.xib in Resources */,
				4AFF91E21F641AA900FE189F /* others.xib in Resources */,
				4AFF91DA1F641A6200FE189F /* tagsTableViewCell.xib in Resources */,
				4AFF91BA1F5DB8A900FE189F /* company.xib in Resources */,
			);
			runOnlyForDeploymentPostprocessing = 0;
		};
		4ADCC75E1F511DD3001A4E9F /* Resources */ = {
			isa = PBXResourcesBuildPhase;
			buildActionMask = 2147483647;
			files = (
			);
			runOnlyForDeploymentPostprocessing = 0;
		};
		4ADCC7691F511DD3001A4E9F /* Resources */ = {
			isa = PBXResourcesBuildPhase;
			buildActionMask = 2147483647;
			files = (
			);
			runOnlyForDeploymentPostprocessing = 0;
		};
/* End PBXResourcesBuildPhase section */

/* Begin PBXShellScriptBuildPhase section */
		BD365D4BD5F47BDCF09AAAFE /* [CP] Copy Pods Resources */ = {
			isa = PBXShellScriptBuildPhase;
			buildActionMask = 2147483647;
			files = (
			);
			inputPaths = (
			);
			name = "[CP] Copy Pods Resources";
			outputPaths = (
			);
			runOnlyForDeploymentPostprocessing = 0;
			shellPath = /bin/sh;
			shellScript = "\"${SRCROOT}/Pods/Target Support Files/Pods-internals/Pods-internals-resources.sh\"\n";
			showEnvVarsInLog = 0;
		};
		CC110E195A207F046B10BE29 /* [CP] Check Pods Manifest.lock */ = {
			isa = PBXShellScriptBuildPhase;
			buildActionMask = 2147483647;
			files = (
			);
			inputPaths = (
			);
			name = "[CP] Check Pods Manifest.lock";
			outputPaths = (
			);
			runOnlyForDeploymentPostprocessing = 0;
			shellPath = /bin/sh;
			shellScript = "diff \"${PODS_PODFILE_DIR_PATH}/Podfile.lock\" \"${PODS_ROOT}/Manifest.lock\" > /dev/null\nif [ $? != 0 ] ; then\n    # print error to STDERR\n    echo \"error: The sandbox is not in sync with the Podfile.lock. Run 'pod install' or update your CocoaPods installation.\" >&2\n    exit 1\nfi\n";
			showEnvVarsInLog = 0;
		};
		D0038F04F21896170FC4089A /* [CP] Embed Pods Frameworks */ = {
			isa = PBXShellScriptBuildPhase;
			buildActionMask = 2147483647;
			files = (
			);
			inputPaths = (
			);
			name = "[CP] Embed Pods Frameworks";
			outputPaths = (
			);
			runOnlyForDeploymentPostprocessing = 0;
			shellPath = /bin/sh;
			shellScript = "\"${SRCROOT}/Pods/Target Support Files/Pods-internals/Pods-internals-frameworks.sh\"\n";
			showEnvVarsInLog = 0;
		};
/* End PBXShellScriptBuildPhase section */

/* Begin PBXSourcesBuildPhase section */
		4ADCC7481F511DD3001A4E9F /* Sources */ = {
			isa = PBXSourcesBuildPhase;
			buildActionMask = 2147483647;
			files = (
				4AF6C8031F571D1F0059496B /* CitysView.swift in Sources */,
				4AE4AFC11F5131AE00B5F509 /* ForgetPasswordController.swift in Sources */,
				4A6BC23B1FC92BA3002C17B6 /* mainPageViewModel.swift in Sources */,
				4A8D28BB1FD195C900FA983F /* utils.swift in Sources */,
				4A4523F21F5BABE1009D6B62 /* jobdetailCell.swift in Sources */,
				4A6BC22C1FC312A7002C17B6 /* RegistryViewModel.swift in Sources */,
				4AD03AB81F9B45270077C15B /* InputTextView.swift in Sources */,
				4A9CE3661F715E37002A8FD5 /* dropMenu.swift in Sources */,
				4A406B691FA58BDC00277AA0 /* ImageMessage.swift in Sources */,
				4A444ED01F8E5789006AE83D /* contactlist.swift in Sources */,
				4A93C2BD1F80CEAA0022E97B /* communication.swift in Sources */,
				4AEDFE901FC00A7B0071F4D8 /* extension+observer.swift in Sources */,
				4A8D28BF1FD27A2F00FA983F /* extension+String.swift in Sources */,
				4ACBD6FC1F77E8F500A5FD23 /* shareView.swift in Sources */,
				4A93C2E11F8369B10022E97B /* conditionCell.swift in Sources */,
				4A93C2D41F834C030022E97B /* subscribleItem.swift in Sources */,
				4A93C2C11F80CEF70022E97B /* recommendation.swift in Sources */,
				4A9CE3681F715F1D002A8FD5 /* JobClasses.swift in Sources */,
				4A93C2C91F8127810022E97B /* deliveredJobs.swift in Sources */,
				4ADCC7521F511DD3001A4E9F /* logViewController.swift in Sources */,
				4AFF91DD1F641A8000FE189F /* introduction.swift in Sources */,
				4AFF91D91F641A6200FE189F /* tagsTableViewCell.swift in Sources */,
				4AF6C80B1F5AEB880059496B /* ScrollerCell2.swift in Sources */,
				4A93C2DE1F8359A20022E97B /* subconditions.swift in Sources */,
				4AFCCD621F9E490400E0E168 /* gifCell.swift in Sources */,
				4A9CE36C1F716101002A8FD5 /* progressHUB.swift in Sources */,
				4A444ED31F8F9E44006AE83D /* Friends.swift in Sources */,
				4ADDDAB81F98F054001CB00F /* MChatEmotion.swift in Sources */,
				4ADDDAD81F9B1EE3001CB00F /* ChatEmotionAttachment.swift in Sources */,
				4A444ECD1F8E5121006AE83D /* friendsController.swift in Sources */,
				4AFF91B91F5DB8A900FE189F /* company.swift in Sources */,
				4A93C2C61F8124930022E97B /* delivereddata.swift in Sources */,
				4ADDDAB31F97ABA4001CB00F /* ChatEmotionView.swift in Sources */,
				4AFF91A91F5C338800FE189F /* JobDetailViewController.swift in Sources */,
				4A93C2CF1F82292E0022E97B /* statustage.swift in Sources */,
				4A406B611FA4DB0A00277AA0 /* personCardBody.swift in Sources */,
				4A93C2BF1F80CECB0022E97B /* relationship.swift in Sources */,
				4AFF91A71F5C238400FE189F /* HeaderFoot.swift in Sources */,
				4ADDDAD51F98F9B3001CB00F /* ChatEmotionHelper.swift in Sources */,
				4A93C2BB1F80CE5F0022E97B /* deliveredHistory.swift in Sources */,
				4A6BC2431FCB12A3002C17B6 /* Exhibition.swift in Sources */,
				4ADADAAB1FA4C09400134AAE /* ReplyView.swift in Sources */,
				4AD03ABB1F9C7DD30077C15B /* GetChatEmotion.swift in Sources */,
				4A5304EA1F52FAD20000F1E9 /* demo.swift in Sources */,
				4A93C2C31F80CF080022E97B /* forumView.swift in Sources */,
				4ACBD6F51F76386D00A5FD23 /* baseSearchViewController.swift in Sources */,
				4A93C2E71F88B8E20022E97B /* client.swift in Sources */,
				4A9CE3641F715B30002A8FD5 /* historyAndCatagoryView.swift in Sources */,
				4A444ECB1F8A168B006AE83D /* searchRequest.pb.swift in Sources */,
				4A406B5F1FA4D3D900277AA0 /* PersonCardCell.swift in Sources */,
				4A9CE36F1F72C2E6002A8FD5 /* myextension.swift in Sources */,
				4A6BC22E1FC711EB002C17B6 /* ChangePasswordModeView.swift in Sources */,
				4AFF91C11F5DC18000FE189F /* worklocate.swift in Sources */,
				4A93C2E41F8788720022E97B /* editcondition.swift in Sources */,
				4AC056311F93B46C00D5B739 /* LXFChatHorizontalLayout.swift in Sources */,
				4AFF91E11F641AA900FE189F /* others.swift in Sources */,
				4A6BC2371FC86453002C17B6 /* config.swift in Sources */,
				4AFF91C41F5EF40000FE189F /* mapApp.swift in Sources */,
				4ADDDADC1F9B40A8001CB00F /* ChatBarView.swift in Sources */,
				4A6BC2301FC856D7002C17B6 /* PersonViewController.swift in Sources */,
				4A406B671FA5834F00277AA0 /* ImageCell.swift in Sources */,
				4A93C2B51F80AB900022E97B /* messageMain.swift in Sources */,
				4A2A2D041F65672B00F42123 /* JobTag.swift in Sources */,
				4A93C2DC1F83574A0022E97B /* localData.swift in Sources */,
				4AEDFE8D1FBFF8AD0071F4D8 /* LoginViewModel.swift in Sources */,
				4ADCC77E1F51251D001A4E9F /* LoginNavigationController.swift in Sources */,
				4A5304E41F52A6ED0000F1E9 /* MainTabBarViewController.swift in Sources */,
				4AF6C8051F5A98940059496B /* ScrollerCell.swift in Sources */,
				4A93C2CC1F81FD330022E97B /* jobstatusView.swift in Sources */,
				4AE84EA41F5C108600649404 /* imageScroll.swift in Sources */,
				4AFF91D51F60586600FE189F /* cdetails.swift in Sources */,
				4ADDDAB51F98EF84001CB00F /* ChatEmotionCell.swift in Sources */,
				4A5304DB1F527D090000F1E9 /* tool.swift in Sources */,
				4A2A2D071F6578D800F42123 /* joblist.swift in Sources */,
				4AEDFE861FBFEA5B0071F4D8 /* extension+textfield.swift in Sources */,
				4AFF91BD1F5DBD8D00FE189F /* JobDescription.swift in Sources */,
				4AE694C31F91D5BD005BE1F0 /* messageCell.swift in Sources */,
				4AEDFE941FC087440071F4D8 /* ActivityIndicator.swift in Sources */,
				4AEDFE921FC06A3B0071F4D8 /* httpservers.swift in Sources */,
				4A8D28BD1FD2734400FA983F /* extension+searchDelegate.swift in Sources */,
				4ADCC7501F511DD3001A4E9F /* AppDelegate.swift in Sources */,
				4A6BC23D1FC92C26002C17B6 /* mainPageHttpServer.swift in Sources */,
				4A9CE36A1F715F6E002A8FD5 /* internCondition.swift in Sources */,
				4A406B651FA5772100277AA0 /* PickImageController.swift in Sources */,
				4ADDDAE01F9B426C001CB00F /* ChatMoreView.swift in Sources */,
				4ADCC7811F512880001A4E9F /* RegisterViewController.swift in Sources */,
				4A93C2B81F80AC590022E97B /* messageItemCell.swift in Sources */,
				4A5304E81F52A7720000F1E9 /* DashboardViewController.swift in Sources */,
				4A6BC2391FC926C5002C17B6 /* Jobs.swift in Sources */,
				4A93C2D91F834F2E0022E97B /* subjobitem.swift in Sources */,
				4AEDFE8B1FBFF75D0071F4D8 /* Users.swift in Sources */,
			);
			runOnlyForDeploymentPostprocessing = 0;
		};
		4ADCC75C1F511DD3001A4E9F /* Sources */ = {
			isa = PBXSourcesBuildPhase;
			buildActionMask = 2147483647;
			files = (
				4ADCC7651F511DD3001A4E9F /* internalsTests.swift in Sources */,
			);
			runOnlyForDeploymentPostprocessing = 0;
		};
		4ADCC7671F511DD3001A4E9F /* Sources */ = {
			isa = PBXSourcesBuildPhase;
			buildActionMask = 2147483647;
			files = (
				4ADCC7701F511DD3001A4E9F /* internalsUITests.swift in Sources */,
			);
			runOnlyForDeploymentPostprocessing = 0;
		};
/* End PBXSourcesBuildPhase section */

/* Begin PBXTargetDependency section */
		4ADCC7621F511DD3001A4E9F /* PBXTargetDependency */ = {
			isa = PBXTargetDependency;
			target = 4ADCC74B1F511DD3001A4E9F /* internals */;
			targetProxy = 4ADCC7611F511DD3001A4E9F /* PBXContainerItemProxy */;
		};
		4ADCC76D1F511DD3001A4E9F /* PBXTargetDependency */ = {
			isa = PBXTargetDependency;
			target = 4ADCC74B1F511DD3001A4E9F /* internals */;
			targetProxy = 4ADCC76C1F511DD3001A4E9F /* PBXContainerItemProxy */;
		};
/* End PBXTargetDependency section */

/* Begin PBXVariantGroup section */
		4ADCC7531F511DD3001A4E9F /* Main.storyboard */ = {
			isa = PBXVariantGroup;
			children = (
				4ADCC7541F511DD3001A4E9F /* Base */,
				4A8D09A21FA59AEC00C0F7FB /* zh-Hans */,
				4A8D09A41FA59C1B00C0F7FB /* zh-Hant */,
			);
			name = Main.storyboard;
			sourceTree = "<group>";
		};
		4ADCC7581F511DD3001A4E9F /* LaunchScreen.storyboard */ = {
			isa = PBXVariantGroup;
			children = (
				4ADCC7591F511DD3001A4E9F /* Base */,
				4A8D09A31FA59AEC00C0F7FB /* zh-Hans */,
				4A8D09A51FA59C1B00C0F7FB /* zh-Hant */,
			);
			name = LaunchScreen.storyboard;
			sourceTree = "<group>";
		};
/* End PBXVariantGroup section */

/* Begin XCBuildConfiguration section */
		4ADCC7721F511DD3001A4E9F /* Debug */ = {
			isa = XCBuildConfiguration;
			buildSettings = {
				ALWAYS_SEARCH_USER_PATHS = NO;
				CLANG_ANALYZER_LOCALIZABILITY_NONLOCALIZED = YES;
				CLANG_ANALYZER_NONNULL = YES;
				CLANG_ANALYZER_NUMBER_OBJECT_CONVERSION = YES_AGGRESSIVE;
				CLANG_CXX_LANGUAGE_STANDARD = "gnu++0x";
				CLANG_CXX_LIBRARY = "libc++";
				CLANG_ENABLE_MODULES = YES;
				CLANG_ENABLE_OBJC_ARC = YES;
				CLANG_WARN_BLOCK_CAPTURE_AUTORELEASING = YES;
				CLANG_WARN_BOOL_CONVERSION = YES;
				CLANG_WARN_COMMA = YES;
				CLANG_WARN_CONSTANT_CONVERSION = YES;
				CLANG_WARN_DIRECT_OBJC_ISA_USAGE = YES_ERROR;
				CLANG_WARN_DOCUMENTATION_COMMENTS = YES;
				CLANG_WARN_EMPTY_BODY = YES;
				CLANG_WARN_ENUM_CONVERSION = YES;
				CLANG_WARN_INFINITE_RECURSION = YES;
				CLANG_WARN_INT_CONVERSION = YES;
				CLANG_WARN_NON_LITERAL_NULL_CONVERSION = YES;
				CLANG_WARN_OBJC_LITERAL_CONVERSION = YES;
				CLANG_WARN_OBJC_ROOT_CLASS = YES_ERROR;
				CLANG_WARN_RANGE_LOOP_ANALYSIS = YES;
				CLANG_WARN_STRICT_PROTOTYPES = YES;
				CLANG_WARN_SUSPICIOUS_MOVE = YES;
				CLANG_WARN_UNREACHABLE_CODE = YES;
				CLANG_WARN__DUPLICATE_METHOD_MATCH = YES;
				"CODE_SIGN_IDENTITY[sdk=iphoneos*]" = "iPhone Developer";
				COPY_PHASE_STRIP = NO;
				DEBUG_INFORMATION_FORMAT = dwarf;
				ENABLE_STRICT_OBJC_MSGSEND = YES;
				ENABLE_TESTABILITY = YES;
				GCC_C_LANGUAGE_STANDARD = gnu99;
				GCC_DYNAMIC_NO_PIC = NO;
				GCC_NO_COMMON_BLOCKS = YES;
				GCC_OPTIMIZATION_LEVEL = 0;
				GCC_PREPROCESSOR_DEFINITIONS = (
					"DEBUG=1",
					"$(inherited)",
				);
				GCC_WARN_64_TO_32_BIT_CONVERSION = YES;
				GCC_WARN_ABOUT_RETURN_TYPE = YES_ERROR;
				GCC_WARN_UNDECLARED_SELECTOR = YES;
				GCC_WARN_UNINITIALIZED_AUTOS = YES_AGGRESSIVE;
				GCC_WARN_UNUSED_FUNCTION = YES;
				GCC_WARN_UNUSED_VARIABLE = YES;
				IPHONEOS_DEPLOYMENT_TARGET = 10.3;
				MTL_ENABLE_DEBUG_INFO = YES;
				ONLY_ACTIVE_ARCH = YES;
				SDKROOT = iphoneos;
				SWIFT_ACTIVE_COMPILATION_CONDITIONS = DEBUG;
				SWIFT_OPTIMIZATION_LEVEL = "-Onone";
			};
			name = Debug;
		};
		4ADCC7731F511DD3001A4E9F /* Release */ = {
			isa = XCBuildConfiguration;
			buildSettings = {
				ALWAYS_SEARCH_USER_PATHS = NO;
				CLANG_ANALYZER_LOCALIZABILITY_NONLOCALIZED = YES;
				CLANG_ANALYZER_NONNULL = YES;
				CLANG_ANALYZER_NUMBER_OBJECT_CONVERSION = YES_AGGRESSIVE;
				CLANG_CXX_LANGUAGE_STANDARD = "gnu++0x";
				CLANG_CXX_LIBRARY = "libc++";
				CLANG_ENABLE_MODULES = YES;
				CLANG_ENABLE_OBJC_ARC = YES;
				CLANG_WARN_BLOCK_CAPTURE_AUTORELEASING = YES;
				CLANG_WARN_BOOL_CONVERSION = YES;
				CLANG_WARN_COMMA = YES;
				CLANG_WARN_CONSTANT_CONVERSION = YES;
				CLANG_WARN_DIRECT_OBJC_ISA_USAGE = YES_ERROR;
				CLANG_WARN_DOCUMENTATION_COMMENTS = YES;
				CLANG_WARN_EMPTY_BODY = YES;
				CLANG_WARN_ENUM_CONVERSION = YES;
				CLANG_WARN_INFINITE_RECURSION = YES;
				CLANG_WARN_INT_CONVERSION = YES;
				CLANG_WARN_NON_LITERAL_NULL_CONVERSION = YES;
				CLANG_WARN_OBJC_LITERAL_CONVERSION = YES;
				CLANG_WARN_OBJC_ROOT_CLASS = YES_ERROR;
				CLANG_WARN_RANGE_LOOP_ANALYSIS = YES;
				CLANG_WARN_STRICT_PROTOTYPES = YES;
				CLANG_WARN_SUSPICIOUS_MOVE = YES;
				CLANG_WARN_UNREACHABLE_CODE = YES;
				CLANG_WARN__DUPLICATE_METHOD_MATCH = YES;
				"CODE_SIGN_IDENTITY[sdk=iphoneos*]" = "iPhone Developer";
				COPY_PHASE_STRIP = NO;
				DEBUG_INFORMATION_FORMAT = "dwarf-with-dsym";
				ENABLE_NS_ASSERTIONS = NO;
				ENABLE_STRICT_OBJC_MSGSEND = YES;
				GCC_C_LANGUAGE_STANDARD = gnu99;
				GCC_NO_COMMON_BLOCKS = YES;
				GCC_WARN_64_TO_32_BIT_CONVERSION = YES;
				GCC_WARN_ABOUT_RETURN_TYPE = YES_ERROR;
				GCC_WARN_UNDECLARED_SELECTOR = YES;
				GCC_WARN_UNINITIALIZED_AUTOS = YES_AGGRESSIVE;
				GCC_WARN_UNUSED_FUNCTION = YES;
				GCC_WARN_UNUSED_VARIABLE = YES;
				IPHONEOS_DEPLOYMENT_TARGET = 10.3;
				MTL_ENABLE_DEBUG_INFO = NO;
				SDKROOT = iphoneos;
				SWIFT_OPTIMIZATION_LEVEL = "-Owholemodule";
				VALIDATE_PRODUCT = YES;
			};
			name = Release;
		};
		4ADCC7751F511DD3001A4E9F /* Debug */ = {
			isa = XCBuildConfiguration;
			baseConfigurationReference = DB5827C0AD300F2CEAAB654F /* Pods-internals.debug.xcconfig */;
			buildSettings = {
				ASSETCATALOG_COMPILER_APPICON_NAME = AppIcon;
				CODE_SIGN_ENTITLEMENTS = internals/internals.entitlements;
				DEVELOPMENT_TEAM = C2S64LJ4ZF;
				FRAMEWORK_SEARCH_PATHS = (
					"$(inherited)",
					"$(PROJECT_DIR)/build/Debug-iphoneos/SDAutoLayout",
				);
				INFOPLIST_FILE = internals/Info.plist;
				LD_RUNPATH_SEARCH_PATHS = "$(inherited) @executable_path/Frameworks";
				PRODUCT_BUNDLE_IDENTIFIER = ke.kiang.internals;
				PRODUCT_NAME = "$(TARGET_NAME)";
				SWIFT_OBJC_BRIDGING_HEADER = internals/bridge.h;
				SWIFT_VERSION = 4.0;
			};
			name = Debug;
		};
		4ADCC7761F511DD3001A4E9F /* Release */ = {
			isa = XCBuildConfiguration;
			baseConfigurationReference = BA9E8A53CA89B7891A8B0201 /* Pods-internals.release.xcconfig */;
			buildSettings = {
				ASSETCATALOG_COMPILER_APPICON_NAME = AppIcon;
				CODE_SIGN_ENTITLEMENTS = internals/internals.entitlements;
				DEVELOPMENT_TEAM = C2S64LJ4ZF;
				FRAMEWORK_SEARCH_PATHS = (
					"$(inherited)",
					"$(PROJECT_DIR)/build/Debug-iphoneos/SDAutoLayout",
				);
				INFOPLIST_FILE = internals/Info.plist;
				LD_RUNPATH_SEARCH_PATHS = "$(inherited) @executable_path/Frameworks";
				PRODUCT_BUNDLE_IDENTIFIER = ke.kiang.internals;
				PRODUCT_NAME = "$(TARGET_NAME)";
				SWIFT_OBJC_BRIDGING_HEADER = internals/bridge.h;
				SWIFT_VERSION = 4.0;
			};
			name = Release;
		};
		4ADCC7781F511DD3001A4E9F /* Debug */ = {
			isa = XCBuildConfiguration;
			buildSettings = {
				ALWAYS_EMBED_SWIFT_STANDARD_LIBRARIES = YES;
				BUNDLE_LOADER = "$(TEST_HOST)";
				DEVELOPMENT_TEAM = C2S64LJ4ZF;
				INFOPLIST_FILE = internalsTests/Info.plist;
				LD_RUNPATH_SEARCH_PATHS = "$(inherited) @executable_path/Frameworks @loader_path/Frameworks";
				PRODUCT_BUNDLE_IDENTIFIER = ke.kiang.internalsTests;
				PRODUCT_NAME = "$(TARGET_NAME)";
				SWIFT_VERSION = 3.0;
				TEST_HOST = "$(BUILT_PRODUCTS_DIR)/internals.app/internals";
			};
			name = Debug;
		};
		4ADCC7791F511DD3001A4E9F /* Release */ = {
			isa = XCBuildConfiguration;
			buildSettings = {
				ALWAYS_EMBED_SWIFT_STANDARD_LIBRARIES = YES;
				BUNDLE_LOADER = "$(TEST_HOST)";
				DEVELOPMENT_TEAM = C2S64LJ4ZF;
				INFOPLIST_FILE = internalsTests/Info.plist;
				LD_RUNPATH_SEARCH_PATHS = "$(inherited) @executable_path/Frameworks @loader_path/Frameworks";
				PRODUCT_BUNDLE_IDENTIFIER = ke.kiang.internalsTests;
				PRODUCT_NAME = "$(TARGET_NAME)";
				SWIFT_VERSION = 3.0;
				TEST_HOST = "$(BUILT_PRODUCTS_DIR)/internals.app/internals";
			};
			name = Release;
		};
		4ADCC77B1F511DD3001A4E9F /* Debug */ = {
			isa = XCBuildConfiguration;
			buildSettings = {
				ALWAYS_EMBED_SWIFT_STANDARD_LIBRARIES = YES;
				DEVELOPMENT_TEAM = C2S64LJ4ZF;
				INFOPLIST_FILE = internalsUITests/Info.plist;
				LD_RUNPATH_SEARCH_PATHS = "$(inherited) @executable_path/Frameworks @loader_path/Frameworks";
				PRODUCT_BUNDLE_IDENTIFIER = ke.kiang.internalsUITests;
				PRODUCT_NAME = "$(TARGET_NAME)";
				SWIFT_VERSION = 3.0;
				TEST_TARGET_NAME = internals;
			};
			name = Debug;
		};
		4ADCC77C1F511DD3001A4E9F /* Release */ = {
			isa = XCBuildConfiguration;
			buildSettings = {
				ALWAYS_EMBED_SWIFT_STANDARD_LIBRARIES = YES;
				DEVELOPMENT_TEAM = C2S64LJ4ZF;
				INFOPLIST_FILE = internalsUITests/Info.plist;
				LD_RUNPATH_SEARCH_PATHS = "$(inherited) @executable_path/Frameworks @loader_path/Frameworks";
				PRODUCT_BUNDLE_IDENTIFIER = ke.kiang.internalsUITests;
				PRODUCT_NAME = "$(TARGET_NAME)";
				SWIFT_VERSION = 3.0;
				TEST_TARGET_NAME = internals;
			};
			name = Release;
		};
/* End XCBuildConfiguration section */

/* Begin XCConfigurationList section */
		4ADCC7471F511DD3001A4E9F /* Build configuration list for PBXProject "internals" */ = {
			isa = XCConfigurationList;
			buildConfigurations = (
				4ADCC7721F511DD3001A4E9F /* Debug */,
				4ADCC7731F511DD3001A4E9F /* Release */,
			);
			defaultConfigurationIsVisible = 0;
			defaultConfigurationName = Release;
		};
		4ADCC7741F511DD3001A4E9F /* Build configuration list for PBXNativeTarget "internals" */ = {
			isa = XCConfigurationList;
			buildConfigurations = (
				4ADCC7751F511DD3001A4E9F /* Debug */,
				4ADCC7761F511DD3001A4E9F /* Release */,
			);
			defaultConfigurationIsVisible = 0;
			defaultConfigurationName = Release;
		};
		4ADCC7771F511DD3001A4E9F /* Build configuration list for PBXNativeTarget "internalsTests" */ = {
			isa = XCConfigurationList;
			buildConfigurations = (
				4ADCC7781F511DD3001A4E9F /* Debug */,
				4ADCC7791F511DD3001A4E9F /* Release */,
			);
			defaultConfigurationIsVisible = 0;
			defaultConfigurationName = Release;
		};
		4ADCC77A1F511DD3001A4E9F /* Build configuration list for PBXNativeTarget "internalsUITests" */ = {
			isa = XCConfigurationList;
			buildConfigurations = (
				4ADCC77B1F511DD3001A4E9F /* Debug */,
				4ADCC77C1F511DD3001A4E9F /* Release */,
			);
			defaultConfigurationIsVisible = 0;
			defaultConfigurationName = Release;
		};
/* End XCConfigurationList section */
	};
	rootObject = 4ADCC7441F511DD3001A4E9F /* Project object */;
}
