// !$*UTF8*$!
{
	archiveVersion = 1;
	classes = {
	};
	objectVersion = 46;
	objects = {

/* Begin PBXBuildFile section */
		4ADCC7501F511DD3001A4E9F /* AppDelegate.swift in Sources */ = {isa = PBXBuildFile; fileRef = 4ADCC74F1F511DD3001A4E9F /* AppDelegate.swift */; };
		4ADCC7521F511DD3001A4E9F /* ViewController.swift in Sources */ = {isa = PBXBuildFile; fileRef = 4ADCC7511F511DD3001A4E9F /* ViewController.swift */; };
		4ADCC7551F511DD3001A4E9F /* Main.storyboard in Resources */ = {isa = PBXBuildFile; fileRef = 4ADCC7531F511DD3001A4E9F /* Main.storyboard */; };
		4ADCC7571F511DD3001A4E9F /* Assets.xcassets in Resources */ = {isa = PBXBuildFile; fileRef = 4ADCC7561F511DD3001A4E9F /* Assets.xcassets */; };
		4ADCC75A1F511DD3001A4E9F /* LaunchScreen.storyboard in Resources */ = {isa = PBXBuildFile; fileRef = 4ADCC7581F511DD3001A4E9F /* LaunchScreen.storyboard */; };
		4ADCC7651F511DD3001A4E9F /* internalsTests.swift in Sources */ = {isa = PBXBuildFile; fileRef = 4ADCC7641F511DD3001A4E9F /* internalsTests.swift */; };
		4ADCC7701F511DD3001A4E9F /* internalsUITests.swift in Sources */ = {isa = PBXBuildFile; fileRef = 4ADCC76F1F511DD3001A4E9F /* internalsUITests.swift */; };
/* End PBXBuildFile section */

/* Begin PBXContainerItemProxy section */
		4ADCC7611F511DD3001A4E9F /* PBXContainerItemProxy */ = {
			isa = PBXContainerItemProxy;
			containerPortal = 4ADCC7441F511DD3001A4E9F /* Project object */;
			proxyType = 1;
			remoteGlobalIDString = 4ADCC74B1F511DD3001A4E9F;
			remoteInfo = internals;
		};
		4ADCC76C1F511DD3001A4E9F /* PBXContainerItemProxy */ = {
			isa = PBXContainerItemProxy;
			containerPortal = 4ADCC7441F511DD3001A4E9F /* Project object */;
			proxyType = 1;
			remoteGlobalIDString = 4ADCC74B1F511DD3001A4E9F;
			remoteInfo = internals;
		};
/* End PBXContainerItemProxy section */

/* Begin PBXFileReference section */
		4ADCC74C1F511DD3001A4E9F /* internals.app */ = {isa = PBXFileReference; explicitFileType = wrapper.application; includeInIndex = 0; path = internals.app; sourceTree = BUILT_PRODUCTS_DIR; };
		4ADCC74F1F511DD3001A4E9F /* AppDelegate.swift */ = {isa = PBXFileReference; lastKnownFileType = sourcecode.swift; path = AppDelegate.swift; sourceTree = "<group>"; };
		4ADCC7511F511DD3001A4E9F /* ViewController.swift */ = {isa = PBXFileReference; lastKnownFileType = sourcecode.swift; path = ViewController.swift; sourceTree = "<group>"; };
		4ADCC7541F511DD3001A4E9F /* Base */ = {isa = PBXFileReference; lastKnownFileType = file.storyboard; name = Base; path = Base.lproj/Main.storyboard; sourceTree = "<group>"; };
		4ADCC7561F511DD3001A4E9F /* Assets.xcassets */ = {isa = PBXFileReference; lastKnownFileType = folder.assetcatalog; path = Assets.xcassets; sourceTree = "<group>"; };
		4ADCC7591F511DD3001A4E9F /* Base */ = {isa = PBXFileReference; lastKnownFileType = file.storyboard; name = Base; path = Base.lproj/LaunchScreen.storyboard; sourceTree = "<group>"; };
		4ADCC75B1F511DD3001A4E9F /* Info.plist */ = {isa = PBXFileReference; lastKnownFileType = text.plist.xml; path = Info.plist; sourceTree = "<group>"; };
		4ADCC7601F511DD3001A4E9F /* internalsTests.xctest */ = {isa = PBXFileReference; explicitFileType = wrapper.cfbundle; includeInIndex = 0; path = internalsTests.xctest; sourceTree = BUILT_PRODUCTS_DIR; };
		4ADCC7641F511DD3001A4E9F /* internalsTests.swift */ = {isa = PBXFileReference; lastKnownFileType = sourcecode.swift; path = internalsTests.swift; sourceTree = "<group>"; };
		4ADCC7661F511DD3001A4E9F /* Info.plist */ = {isa = PBXFileReference; lastKnownFileType = text.plist.xml; path = Info.plist; sourceTree = "<group>"; };
		4ADCC76B1F511DD3001A4E9F /* internalsUITests.xctest */ = {isa = PBXFileReference; explicitFileType = wrapper.cfbundle; includeInIndex = 0; path = internalsUITests.xctest; sourceTree = BUILT_PRODUCTS_DIR; };
		4ADCC76F1F511DD3001A4E9F /* internalsUITests.swift */ = {isa = PBXFileReference; lastKnownFileType = sourcecode.swift; path = internalsUITests.swift; sourceTree = "<group>"; };
		4ADCC7711F511DD3001A4E9F /* Info.plist */ = {isa = PBXFileReference; lastKnownFileType = text.plist.xml; path = Info.plist; sourceTree = "<group>"; };
/* End PBXFileReference section */

/* Begin PBXFrameworksBuildPhase section */
		4ADCC7491F511DD3001A4E9F /* Frameworks */ = {
			isa = PBXFrameworksBuildPhase;
			buildActionMask = 2147483647;
			files = (
			);
			runOnlyForDeploymentPostprocessing = 0;
		};
		4ADCC75D1F511DD3001A4E9F /* Frameworks */ = {
			isa = PBXFrameworksBuildPhase;
			buildActionMask = 2147483647;
			files = (
			);
			runOnlyForDeploymentPostprocessing = 0;
		};
		4ADCC7681F511DD3001A4E9F /* Frameworks */ = {
			isa = PBXFrameworksBuildPhase;
			buildActionMask = 2147483647;
			files = (
			);
			runOnlyForDeploymentPostprocessing = 0;
		};
/* End PBXFrameworksBuildPhase section */

/* Begin PBXGroup section */
		4ADCC7431F511DD3001A4E9F = {
			isa = PBXGroup;
			children = (
				4ADCC74E1F511DD3001A4E9F /* internals */,
				4ADCC7631F511DD3001A4E9F /* internalsTests */,
				4ADCC76E1F511DD3001A4E9F /* internalsUITests */,
				4ADCC74D1F511DD3001A4E9F /* Products */,
			);
			sourceTree = "<group>";
		};
		4ADCC74D1F511DD3001A4E9F /* Products */ = {
			isa = PBXGroup;
			children = (
				4ADCC74C1F511DD3001A4E9F /* internals.app */,
				4ADCC7601F511DD3001A4E9F /* internalsTests.xctest */,
				4ADCC76B1F511DD3001A4E9F /* internalsUITests.xctest */,
			);
			name = Products;
			sourceTree = "<group>";
		};
		4ADCC74E1F511DD3001A4E9F /* internals */ = {
			isa = PBXGroup;
			children = (
				4ADCC74F1F511DD3001A4E9F /* AppDelegate.swift */,
				4ADCC7511F511DD3001A4E9F /* ViewController.swift */,
				4ADCC7531F511DD3001A4E9F /* Main.storyboard */,
				4ADCC7561F511DD3001A4E9F /* Assets.xcassets */,
				4ADCC7581F511DD3001A4E9F /* LaunchScreen.storyboard */,
				4ADCC75B1F511DD3001A4E9F /* Info.plist */,
			);
			path = internals;
			sourceTree = "<group>";
		};
		4ADCC7631F511DD3001A4E9F /* internalsTests */ = {
			isa = PBXGroup;
			children = (
				4ADCC7641F511DD3001A4E9F /* internalsTests.swift */,
				4ADCC7661F511DD3001A4E9F /* Info.plist */,
			);
			path = internalsTests;
			sourceTree = "<group>";
		};
		4ADCC76E1F511DD3001A4E9F /* internalsUITests */ = {
			isa = PBXGroup;
			children = (
				4ADCC76F1F511DD3001A4E9F /* internalsUITests.swift */,
				4ADCC7711F511DD3001A4E9F /* Info.plist */,
			);
			path = internalsUITests;
			sourceTree = "<group>";
		};
/* End PBXGroup section */

/* Begin PBXNativeTarget section */
		4ADCC74B1F511DD3001A4E9F /* internals */ = {
			isa = PBXNativeTarget;
			buildConfigurationList = 4ADCC7741F511DD3001A4E9F /* Build configuration list for PBXNativeTarget "internals" */;
			buildPhases = (
				4ADCC7481F511DD3001A4E9F /* Sources */,
				4ADCC7491F511DD3001A4E9F /* Frameworks */,
				4ADCC74A1F511DD3001A4E9F /* Resources */,
			);
			buildRules = (
			);
			dependencies = (
			);
			name = internals;
			productName = internals;
			productReference = 4ADCC74C1F511DD3001A4E9F /* internals.app */;
			productType = "com.apple.product-type.application";
		};
		4ADCC75F1F511DD3001A4E9F /* internalsTests */ = {
			isa = PBXNativeTarget;
			buildConfigurationList = 4ADCC7771F511DD3001A4E9F /* Build configuration list for PBXNativeTarget "internalsTests" */;
			buildPhases = (
				4ADCC75C1F511DD3001A4E9F /* Sources */,
				4ADCC75D1F511DD3001A4E9F /* Frameworks */,
				4ADCC75E1F511DD3001A4E9F /* Resources */,
			);
			buildRules = (
			);
			dependencies = (
				4ADCC7621F511DD3001A4E9F /* PBXTargetDependency */,
			);
			name = internalsTests;
			productName = internalsTests;
			productReference = 4ADCC7601F511DD3001A4E9F /* internalsTests.xctest */;
			productType = "com.apple.product-type.bundle.unit-test";
		};
		4ADCC76A1F511DD3001A4E9F /* internalsUITests */ = {
			isa = PBXNativeTarget;
			buildConfigurationList = 4ADCC77A1F511DD3001A4E9F /* Build configuration list for PBXNativeTarget "internalsUITests" */;
			buildPhases = (
				4ADCC7671F511DD3001A4E9F /* Sources */,
				4ADCC7681F511DD3001A4E9F /* Frameworks */,
				4ADCC7691F511DD3001A4E9F /* Resources */,
			);
			buildRules = (
			);
			dependencies = (
				4ADCC76D1F511DD3001A4E9F /* PBXTargetDependency */,
			);
			name = internalsUITests;
			productName = internalsUITests;
			productReference = 4ADCC76B1F511DD3001A4E9F /* internalsUITests.xctest */;
			productType = "com.apple.product-type.bundle.ui-testing";
		};
/* End PBXNativeTarget section */

/* Begin PBXProject section */
		4ADCC7441F511DD3001A4E9F /* Project object */ = {
			isa = PBXProject;
			attributes = {
				LastSwiftUpdateCheck = 0830;
				LastUpgradeCheck = 0830;
				ORGANIZATIONNAME = lk;
				TargetAttributes = {
					4ADCC74B1F511DD3001A4E9F = {
						CreatedOnToolsVersion = 8.3.3;
						DevelopmentTeam = C2S64LJ4ZF;
						ProvisioningStyle = Automatic;
					};
					4ADCC75F1F511DD3001A4E9F = {
						CreatedOnToolsVersion = 8.3.3;
						DevelopmentTeam = C2S64LJ4ZF;
						ProvisioningStyle = Automatic;
						TestTargetID = 4ADCC74B1F511DD3001A4E9F;
					};
					4ADCC76A1F511DD3001A4E9F = {
						CreatedOnToolsVersion = 8.3.3;
						DevelopmentTeam = C2S64LJ4ZF;
						ProvisioningStyle = Automatic;
						TestTargetID = 4ADCC74B1F511DD3001A4E9F;
					};
				};
			};
			buildConfigurationList = 4ADCC7471F511DD3001A4E9F /* Build configuration list for PBXProject "internals" */;
			compatibilityVersion = "Xcode 3.2";
			developmentRegion = English;
			hasScannedForEncodings = 0;
			knownRegions = (
				en,
				Base,
			);
			mainGroup = 4ADCC7431F511DD3001A4E9F;
			productRefGroup = 4ADCC74D1F511DD3001A4E9F /* Products */;
			projectDirPath = "";
			projectRoot = "";
			targets = (
				4ADCC74B1F511DD3001A4E9F /* internals */,
				4ADCC75F1F511DD3001A4E9F /* internalsTests */,
				4ADCC76A1F511DD3001A4E9F /* internalsUITests */,
			);
		};
/* End PBXProject section */

/* Begin PBXResourcesBuildPhase section */
		4ADCC74A1F511DD3001A4E9F /* Resources */ = {
			isa = PBXResourcesBuildPhase;
			buildActionMask = 2147483647;
			files = (
				4ADCC75A1F511DD3001A4E9F /* LaunchScreen.storyboard in Resources */,
				4ADCC7571F511DD3001A4E9F /* Assets.xcassets in Resources */,
				4ADCC7551F511DD3001A4E9F /* Main.storyboard in Resources */,
			);
			runOnlyForDeploymentPostprocessing = 0;
		};
		4ADCC75E1F511DD3001A4E9F /* Resources */ = {
			isa = PBXResourcesBuildPhase;
			buildActionMask = 2147483647;
			files = (
			);
			runOnlyForDeploymentPostprocessing = 0;
		};
		4ADCC7691F511DD3001A4E9F /* Resources */ = {
			isa = PBXResourcesBuildPhase;
			buildActionMask = 2147483647;
			files = (
			);
			runOnlyForDeploymentPostprocessing = 0;
		};
/* End PBXResourcesBuildPhase section */

/* Begin PBXSourcesBuildPhase section */
		4ADCC7481F511DD3001A4E9F /* Sources */ = {
			isa = PBXSourcesBuildPhase;
			buildActionMask = 2147483647;
			files = (
				4ADCC7521F511DD3001A4E9F /* ViewController.swift in Sources */,
				4ADCC7501F511DD3001A4E9F /* AppDelegate.swift in Sources */,
			);
			runOnlyForDeploymentPostprocessing = 0;
		};
		4ADCC75C1F511DD3001A4E9F /* Sources */ = {
			isa = PBXSourcesBuildPhase;
			buildActionMask = 2147483647;
			files = (
				4ADCC7651F511DD3001A4E9F /* internalsTests.swift in Sources */,
			);
			runOnlyForDeploymentPostprocessing = 0;
		};
		4ADCC7671F511DD3001A4E9F /* Sources */ = {
			isa = PBXSourcesBuildPhase;
			buildActionMask = 2147483647;
			files = (
				4ADCC7701F511DD3001A4E9F /* internalsUITests.swift in Sources */,
			);
			runOnlyForDeploymentPostprocessing = 0;
		};
/* End PBXSourcesBuildPhase section */

/* Begin PBXTargetDependency section */
		4ADCC7621F511DD3001A4E9F /* PBXTargetDependency */ = {
			isa = PBXTargetDependency;
			target = 4ADCC74B1F511DD3001A4E9F /* internals */;
			targetProxy = 4ADCC7611F511DD3001A4E9F /* PBXContainerItemProxy */;
		};
		4ADCC76D1F511DD3001A4E9F /* PBXTargetDependency */ = {
			isa = PBXTargetDependency;
			target = 4ADCC74B1F511DD3001A4E9F /* internals */;
			targetProxy = 4ADCC76C1F511DD3001A4E9F /* PBXContainerItemProxy */;
		};
/* End PBXTargetDependency section */

/* Begin PBXVariantGroup section */
		4ADCC7531F511DD3001A4E9F /* Main.storyboard */ = {
			isa = PBXVariantGroup;
			children = (
				4ADCC7541F511DD3001A4E9F /* Base */,
			);
			name = Main.storyboard;
			sourceTree = "<group>";
		};
		4ADCC7581F511DD3001A4E9F /* LaunchScreen.storyboard */ = {
			isa = PBXVariantGroup;
			children = (
				4ADCC7591F511DD3001A4E9F /* Base */,
			);
			name = LaunchScreen.storyboard;
			sourceTree = "<group>";
		};
/* End PBXVariantGroup section */

/* Begin XCBuildConfiguration section */
		4ADCC7721F511DD3001A4E9F /* Debug */ = {
			isa = XCBuildConfiguration;
			buildSettings = {
				ALWAYS_SEARCH_USER_PATHS = NO;
				CLANG_ANALYZER_NONNULL = YES;
				CLANG_ANALYZER_NUMBER_OBJECT_CONVERSION = YES_AGGRESSIVE;
				CLANG_CXX_LANGUAGE_STANDARD = "gnu++0x";
				CLANG_CXX_LIBRARY = "libc++";
				CLANG_ENABLE_MODULES = YES;
				CLANG_ENABLE_OBJC_ARC = YES;
				CLANG_WARN_BOOL_CONVERSION = YES;
				CLANG_WARN_CONSTANT_CONVERSION = YES;
				CLANG_WARN_DIRECT_OBJC_ISA_USAGE = YES_ERROR;
				CLANG_WARN_DOCUMENTATION_COMMENTS = YES;
				CLANG_WARN_EMPTY_BODY = YES;
				CLANG_WARN_ENUM_CONVERSION = YES;
				CLANG_WARN_INFINITE_RECURSION = YES;
				CLANG_WARN_INT_CONVERSION = YES;
				CLANG_WARN_OBJC_ROOT_CLASS = YES_ERROR;
				CLANG_WARN_SUSPICIOUS_MOVE = YES;
				CLANG_WARN_UNREACHABLE_CODE = YES;
				CLANG_WARN__DUPLICATE_METHOD_MATCH = YES;
				"CODE_SIGN_IDENTITY[sdk=iphoneos*]" = "iPhone Developer";
				COPY_PHASE_STRIP = NO;
				DEBUG_INFORMATION_FORMAT = dwarf;
				ENABLE_STRICT_OBJC_MSGSEND = YES;
				ENABLE_TESTABILITY = YES;
				GCC_C_LANGUAGE_STANDARD = gnu99;
				GCC_DYNAMIC_NO_PIC = NO;
				GCC_NO_COMMON_BLOCKS = YES;
				GCC_OPTIMIZATION_LEVEL = 0;
				GCC_PREPROCESSOR_DEFINITIONS = (
					"DEBUG=1",
					"$(inherited)",
				);
				GCC_WARN_64_TO_32_BIT_CONVERSION = YES;
				GCC_WARN_ABOUT_RETURN_TYPE = YES_ERROR;
				GCC_WARN_UNDECLARED_SELECTOR = YES;
				GCC_WARN_UNINITIALIZED_AUTOS = YES_AGGRESSIVE;
				GCC_WARN_UNUSED_FUNCTION = YES;
				GCC_WARN_UNUSED_VARIABLE = YES;
				IPHONEOS_DEPLOYMENT_TARGET = 10.3;
				MTL_ENABLE_DEBUG_INFO = YES;
				ONLY_ACTIVE_ARCH = YES;
				SDKROOT = iphoneos;
				SWIFT_ACTIVE_COMPILATION_CONDITIONS = DEBUG;
				SWIFT_OPTIMIZATION_LEVEL = "-Onone";
			};
			name = Debug;
		};
		4ADCC7731F511DD3001A4E9F /* Release */ = {
			isa = XCBuildConfiguration;
			buildSettings = {
				ALWAYS_SEARCH_USER_PATHS = NO;
				CLANG_ANALYZER_NONNULL = YES;
				CLANG_ANALYZER_NUMBER_OBJECT_CONVERSION = YES_AGGRESSIVE;
				CLANG_CXX_LANGUAGE_STANDARD = "gnu++0x";
				CLANG_CXX_LIBRARY = "libc++";
				CLANG_ENABLE_MODULES = YES;
				CLANG_ENABLE_OBJC_ARC = YES;
				CLANG_WARN_BOOL_CONVERSION = YES;
				CLANG_WARN_CONSTANT_CONVERSION = YES;
				CLANG_WARN_DIRECT_OBJC_ISA_USAGE = YES_ERROR;
				CLANG_WARN_DOCUMENTATION_COMMENTS = YES;
				CLANG_WARN_EMPTY_BODY = YES;
				CLANG_WARN_ENUM_CONVERSION = YES;
				CLANG_WARN_INFINITE_RECURSION = YES;
				CLANG_WARN_INT_CONVERSION = YES;
				CLANG_WARN_OBJC_ROOT_CLASS = YES_ERROR;
				CLANG_WARN_SUSPICIOUS_MOVE = YES;
				CLANG_WARN_UNREACHABLE_CODE = YES;
				CLANG_WARN__DUPLICATE_METHOD_MATCH = YES;
				"CODE_SIGN_IDENTITY[sdk=iphoneos*]" = "iPhone Developer";
				COPY_PHASE_STRIP = NO;
				DEBUG_INFORMATION_FORMAT = "dwarf-with-dsym";
				ENABLE_NS_ASSERTIONS = NO;
				ENABLE_STRICT_OBJC_MSGSEND = YES;
				GCC_C_LANGUAGE_STANDARD = gnu99;
				GCC_NO_COMMON_BLOCKS = YES;
				GCC_WARN_64_TO_32_BIT_CONVERSION = YES;
				GCC_WARN_ABOUT_RETURN_TYPE = YES_ERROR;
				GCC_WARN_UNDECLARED_SELECTOR = YES;
				GCC_WARN_UNINITIALIZED_AUTOS = YES_AGGRESSIVE;
				GCC_WARN_UNUSED_FUNCTION = YES;
				GCC_WARN_UNUSED_VARIABLE = YES;
				IPHONEOS_DEPLOYMENT_TARGET = 10.3;
				MTL_ENABLE_DEBUG_INFO = NO;
				SDKROOT = iphoneos;
				SWIFT_OPTIMIZATION_LEVEL = "-Owholemodule";
				VALIDATE_PRODUCT = YES;
			};
			name = Release;
		};
		4ADCC7751F511DD3001A4E9F /* Debug */ = {
			isa = XCBuildConfiguration;
			buildSettings = {
				ASSETCATALOG_COMPILER_APPICON_NAME = AppIcon;
				DEVELOPMENT_TEAM = C2S64LJ4ZF;
				INFOPLIST_FILE = internals/Info.plist;
				LD_RUNPATH_SEARCH_PATHS = "$(inherited) @executable_path/Frameworks";
				PRODUCT_BUNDLE_IDENTIFIER = ke.kiang.internals;
				PRODUCT_NAME = "$(TARGET_NAME)";
				SWIFT_VERSION = 3.0;
			};
			name = Debug;
		};
		4ADCC7761F511DD3001A4E9F /* Release */ = {
			isa = XCBuildConfiguration;
			buildSettings = {
				ASSETCATALOG_COMPILER_APPICON_NAME = AppIcon;
				DEVELOPMENT_TEAM = C2S64LJ4ZF;
				INFOPLIST_FILE = internals/Info.plist;
				LD_RUNPATH_SEARCH_PATHS = "$(inherited) @executable_path/Frameworks";
				PRODUCT_BUNDLE_IDENTIFIER = ke.kiang.internals;
				PRODUCT_NAME = "$(TARGET_NAME)";
				SWIFT_VERSION = 3.0;
			};
			name = Release;
		};
		4ADCC7781F511DD3001A4E9F /* Debug */ = {
			isa = XCBuildConfiguration;
			buildSettings = {
				ALWAYS_EMBED_SWIFT_STANDARD_LIBRARIES = YES;
				BUNDLE_LOADER = "$(TEST_HOST)";
				DEVELOPMENT_TEAM = C2S64LJ4ZF;
				INFOPLIST_FILE = internalsTests/Info.plist;
				LD_RUNPATH_SEARCH_PATHS = "$(inherited) @executable_path/Frameworks @loader_path/Frameworks";
				PRODUCT_BUNDLE_IDENTIFIER = ke.kiang.internalsTests;
				PRODUCT_NAME = "$(TARGET_NAME)";
				SWIFT_VERSION = 3.0;
				TEST_HOST = "$(BUILT_PRODUCTS_DIR)/internals.app/internals";
			};
			name = Debug;
		};
		4ADCC7791F511DD3001A4E9F /* Release */ = {
			isa = XCBuildConfiguration;
			buildSettings = {
				ALWAYS_EMBED_SWIFT_STANDARD_LIBRARIES = YES;
				BUNDLE_LOADER = "$(TEST_HOST)";
				DEVELOPMENT_TEAM = C2S64LJ4ZF;
				INFOPLIST_FILE = internalsTests/Info.plist;
				LD_RUNPATH_SEARCH_PATHS = "$(inherited) @executable_path/Frameworks @loader_path/Frameworks";
				PRODUCT_BUNDLE_IDENTIFIER = ke.kiang.internalsTests;
				PRODUCT_NAME = "$(TARGET_NAME)";
				SWIFT_VERSION = 3.0;
				TEST_HOST = "$(BUILT_PRODUCTS_DIR)/internals.app/internals";
			};
			name = Release;
		};
		4ADCC77B1F511DD3001A4E9F /* Debug */ = {
			isa = XCBuildConfiguration;
			buildSettings = {
				ALWAYS_EMBED_SWIFT_STANDARD_LIBRARIES = YES;
				DEVELOPMENT_TEAM = C2S64LJ4ZF;
				INFOPLIST_FILE = internalsUITests/Info.plist;
				LD_RUNPATH_SEARCH_PATHS = "$(inherited) @executable_path/Frameworks @loader_path/Frameworks";
				PRODUCT_BUNDLE_IDENTIFIER = ke.kiang.internalsUITests;
				PRODUCT_NAME = "$(TARGET_NAME)";
				SWIFT_VERSION = 3.0;
				TEST_TARGET_NAME = internals;
			};
			name = Debug;
		};
		4ADCC77C1F511DD3001A4E9F /* Release */ = {
			isa = XCBuildConfiguration;
			buildSettings = {
				ALWAYS_EMBED_SWIFT_STANDARD_LIBRARIES = YES;
				DEVELOPMENT_TEAM = C2S64LJ4ZF;
				INFOPLIST_FILE = internalsUITests/Info.plist;
				LD_RUNPATH_SEARCH_PATHS = "$(inherited) @executable_path/Frameworks @loader_path/Frameworks";
				PRODUCT_BUNDLE_IDENTIFIER = ke.kiang.internalsUITests;
				PRODUCT_NAME = "$(TARGET_NAME)";
				SWIFT_VERSION = 3.0;
				TEST_TARGET_NAME = internals;
			};
			name = Release;
		};
/* End XCBuildConfiguration section */

/* Begin XCConfigurationList section */
		4ADCC7471F511DD3001A4E9F /* Build configuration list for PBXProject "internals" */ = {
			isa = XCConfigurationList;
			buildConfigurations = (
				4ADCC7721F511DD3001A4E9F /* Debug */,
				4ADCC7731F511DD3001A4E9F /* Release */,
			);
			defaultConfigurationIsVisible = 0;
			defaultConfigurationName = Release;
		};
		4ADCC7741F511DD3001A4E9F /* Build configuration list for PBXNativeTarget "internals" */ = {
			isa = XCConfigurationList;
			buildConfigurations = (
				4ADCC7751F511DD3001A4E9F /* Debug */,
				4ADCC7761F511DD3001A4E9F /* Release */,
			);
			defaultConfigurationIsVisible = 0;
		};
		4ADCC7771F511DD3001A4E9F /* Build configuration list for PBXNativeTarget "internalsTests" */ = {
			isa = XCConfigurationList;
			buildConfigurations = (
				4ADCC7781F511DD3001A4E9F /* Debug */,
				4ADCC7791F511DD3001A4E9F /* Release */,
			);
			defaultConfigurationIsVisible = 0;
		};
		4ADCC77A1F511DD3001A4E9F /* Build configuration list for PBXNativeTarget "internalsUITests" */ = {
			isa = XCConfigurationList;
			buildConfigurations = (
				4ADCC77B1F511DD3001A4E9F /* Debug */,
				4ADCC77C1F511DD3001A4E9F /* Release */,
			);
			defaultConfigurationIsVisible = 0;
		};
/* End XCConfigurationList section */
	};
	rootObject = 4ADCC7441F511DD3001A4E9F /* Project object */;
}
